// !$*UTF8*$!
{
	archiveVersion = 1;
	classes = {
	};
	objectVersion = 56;
	objects = {

/* Begin PBXBuildFile section */
		3430187B2AE20E490093FA8A /* HomeViewModel.swift in Sources */ = {isa = PBXBuildFile; fileRef = 3430187A2AE20E490093FA8A /* HomeViewModel.swift */; };
		3455EFF32ABCFB89005A9FBC /* AppDelegate.swift in Sources */ = {isa = PBXBuildFile; fileRef = 3455EFF22ABCFB89005A9FBC /* AppDelegate.swift */; };
		3455EFF52ABCFB89005A9FBC /* SceneDelegate.swift in Sources */ = {isa = PBXBuildFile; fileRef = 3455EFF42ABCFB89005A9FBC /* SceneDelegate.swift */; };
		3455EFF72ABCFB89005A9FBC /* HomeViewController.swift in Sources */ = {isa = PBXBuildFile; fileRef = 3455EFF62ABCFB89005A9FBC /* HomeViewController.swift */; };
		3455EFFA2ABCFB89005A9FBC /* Main.storyboard in Resources */ = {isa = PBXBuildFile; fileRef = 3455EFF82ABCFB89005A9FBC /* Main.storyboard */; };
		3455EFFF2ABCFB8B005A9FBC /* LaunchScreen.storyboard in Resources */ = {isa = PBXBuildFile; fileRef = 3455EFFD2ABCFB8B005A9FBC /* LaunchScreen.storyboard */; };
		3455F0092ABD02B7005A9FBC /* NameTableViewCell.swift in Sources */ = {isa = PBXBuildFile; fileRef = 3455F0072ABD02B7005A9FBC /* NameTableViewCell.swift */; };
		3455F00A2ABD02B7005A9FBC /* NameTableViewCell.xib in Resources */ = {isa = PBXBuildFile; fileRef = 3455F0082ABD02B7005A9FBC /* NameTableViewCell.xib */; };
		3455F00D2ABD1E97005A9FBC /* Person.swift in Sources */ = {isa = PBXBuildFile; fileRef = 3455F00C2ABD1E97005A9FBC /* Person.swift */; };
		3455F0112ABD248E005A9FBC /* Assets.xcassets in Resources */ = {isa = PBXBuildFile; fileRef = 3455F0102ABD248D005A9FBC /* Assets.xcassets */; };
/* End PBXBuildFile section */

/* Begin PBXFileReference section */
		3430187A2AE20E490093FA8A /* HomeViewModel.swift */ = {isa = PBXFileReference; lastKnownFileType = sourcecode.swift; path = HomeViewModel.swift; sourceTree = "<group>"; };
		3455EFEF2ABCFB89005A9FBC /* TableViewSimplesTurma351BF.app */ = {isa = PBXFileReference; explicitFileType = wrapper.application; includeInIndex = 0; path = TableViewSimplesTurma351BF.app; sourceTree = BUILT_PRODUCTS_DIR; };
		3455EFF22ABCFB89005A9FBC /* AppDelegate.swift */ = {isa = PBXFileReference; lastKnownFileType = sourcecode.swift; path = AppDelegate.swift; sourceTree = "<group>"; };
		3455EFF42ABCFB89005A9FBC /* SceneDelegate.swift */ = {isa = PBXFileReference; lastKnownFileType = sourcecode.swift; path = SceneDelegate.swift; sourceTree = "<group>"; };
		3455EFF62ABCFB89005A9FBC /* HomeViewController.swift */ = {isa = PBXFileReference; lastKnownFileType = sourcecode.swift; path = HomeViewController.swift; sourceTree = "<group>"; };
		3455EFF92ABCFB89005A9FBC /* Base */ = {isa = PBXFileReference; lastKnownFileType = file.storyboard; name = Base; path = Base.lproj/Main.storyboard; sourceTree = "<group>"; };
		3455EFFE2ABCFB8B005A9FBC /* Base */ = {isa = PBXFileReference; lastKnownFileType = file.storyboard; name = Base; path = Base.lproj/LaunchScreen.storyboard; sourceTree = "<group>"; };
		3455F0002ABCFB8B005A9FBC /* Info.plist */ = {isa = PBXFileReference; lastKnownFileType = text.plist.xml; path = Info.plist; sourceTree = "<group>"; };
		3455F0072ABD02B7005A9FBC /* NameTableViewCell.swift */ = {isa = PBXFileReference; lastKnownFileType = sourcecode.swift; path = NameTableViewCell.swift; sourceTree = "<group>"; };
		3455F0082ABD02B7005A9FBC /* NameTableViewCell.xib */ = {isa = PBXFileReference; lastKnownFileType = file.xib; path = NameTableViewCell.xib; sourceTree = "<group>"; };
		3455F00C2ABD1E97005A9FBC /* Person.swift */ = {isa = PBXFileReference; lastKnownFileType = sourcecode.swift; path = Person.swift; sourceTree = "<group>"; };
		3455F0102ABD248D005A9FBC /* Assets.xcassets */ = {isa = PBXFileReference; lastKnownFileType = folder.assetcatalog; name = Assets.xcassets; path = "../../../ConteudoCursoBF/ConteudoBootcamp/Aula 16/Solução Desafio/DesafioTableViewSimples/DesafioTableViewSimples/Assets.xcassets"; sourceTree = "<group>"; };
/* End PBXFileReference section */

/* Begin PBXFrameworksBuildPhase section */
		3455EFEC2ABCFB89005A9FBC /* Frameworks */ = {
			isa = PBXFrameworksBuildPhase;
			buildActionMask = 2147483647;
			files = (
			);
			runOnlyForDeploymentPostprocessing = 0;
		};
/* End PBXFrameworksBuildPhase section */

/* Begin PBXGroup section */
		343018742AE20D0A0093FA8A /* Home */ = {
			isa = PBXGroup;
			children = (
				3455EFF82ABCFB89005A9FBC /* Main.storyboard */,
				3455EFF62ABCFB89005A9FBC /* HomeViewController.swift */,
				343018752AE20D480093FA8A /* ViewModel */,
				3455F00B2ABD1E81005A9FBC /* Model */,
				3455F0062ABD00DC005A9FBC /* Cells */,
			);
			path = Home;
			sourceTree = "<group>";
		};
		343018752AE20D480093FA8A /* ViewModel */ = {
			isa = PBXGroup;
			children = (
				3430187A2AE20E490093FA8A /* HomeViewModel.swift */,
			);
			path = ViewModel;
			sourceTree = "<group>";
		};
		3455EFE62ABCFB89005A9FBC = {
			isa = PBXGroup;
			children = (
				3455EFF12ABCFB89005A9FBC /* TableViewSimplesTurma351BF */,
				3455EFF02ABCFB89005A9FBC /* Products */,
			);
			sourceTree = "<group>";
		};
		3455EFF02ABCFB89005A9FBC /* Products */ = {
			isa = PBXGroup;
			children = (
				3455EFEF2ABCFB89005A9FBC /* TableViewSimplesTurma351BF.app */,
			);
			name = Products;
			sourceTree = "<group>";
		};
		3455EFF12ABCFB89005A9FBC /* TableViewSimplesTurma351BF */ = {
			isa = PBXGroup;
			children = (
				343018742AE20D0A0093FA8A /* Home */,
				3455EFF22ABCFB89005A9FBC /* AppDelegate.swift */,
				3455EFF42ABCFB89005A9FBC /* SceneDelegate.swift */,
				3455F0102ABD248D005A9FBC /* Assets.xcassets */,
				3455EFFD2ABCFB8B005A9FBC /* LaunchScreen.storyboard */,
				3455F0002ABCFB8B005A9FBC /* Info.plist */,
			);
			path = TableViewSimplesTurma351BF;
			sourceTree = "<group>";
		};
		3455F0062ABD00DC005A9FBC /* Cells */ = {
			isa = PBXGroup;
			children = (
				3455F0072ABD02B7005A9FBC /* NameTableViewCell.swift */,
				3455F0082ABD02B7005A9FBC /* NameTableViewCell.xib */,
			);
			path = Cells;
			sourceTree = "<group>";
		};
		3455F00B2ABD1E81005A9FBC /* Model */ = {
			isa = PBXGroup;
			children = (
				3455F00C2ABD1E97005A9FBC /* Person.swift */,
			);
			path = Model;
			sourceTree = "<group>";
		};
/* End PBXGroup section */

/* Begin PBXNativeTarget section */
		3455EFEE2ABCFB89005A9FBC /* TableViewSimplesTurma351BF */ = {
			isa = PBXNativeTarget;
			buildConfigurationList = 3455F0032ABCFB8B005A9FBC /* Build configuration list for PBXNativeTarget "TableViewSimplesTurma351BF" */;
			buildPhases = (
				3455EFEB2ABCFB89005A9FBC /* Sources */,
				3455EFEC2ABCFB89005A9FBC /* Frameworks */,
				3455EFED2ABCFB89005A9FBC /* Resources */,
			);
			buildRules = (
			);
			dependencies = (
			);
			name = TableViewSimplesTurma351BF;
			productName = TableViewSimplesTurma351BF;
			productReference = 3455EFEF2ABCFB89005A9FBC /* TableViewSimplesTurma351BF.app */;
			productType = "com.apple.product-type.application";
		};
/* End PBXNativeTarget section */

/* Begin PBXProject section */
		3455EFE72ABCFB89005A9FBC /* Project object */ = {
			isa = PBXProject;
			attributes = {
				BuildIndependentTargetsInParallel = 1;
				LastSwiftUpdateCheck = 1500;
				LastUpgradeCheck = 1500;
				TargetAttributes = {
					3455EFEE2ABCFB89005A9FBC = {
						CreatedOnToolsVersion = 15.0;
					};
				};
			};
			buildConfigurationList = 3455EFEA2ABCFB89005A9FBC /* Build configuration list for PBXProject "TableViewSimplesTurma351BF" */;
			compatibilityVersion = "Xcode 14.0";
			developmentRegion = en;
			hasScannedForEncodings = 0;
			knownRegions = (
				en,
				Base,
			);
			mainGroup = 3455EFE62ABCFB89005A9FBC;
			productRefGroup = 3455EFF02ABCFB89005A9FBC /* Products */;
			projectDirPath = "";
			projectRoot = "";
			targets = (
				3455EFEE2ABCFB89005A9FBC /* TableViewSimplesTurma351BF */,
			);
		};
/* End PBXProject section */

/* Begin PBXResourcesBuildPhase section */
		3455EFED2ABCFB89005A9FBC /* Resources */ = {
			isa = PBXResourcesBuildPhase;
			buildActionMask = 2147483647;
			files = (
				3455EFFF2ABCFB8B005A9FBC /* LaunchScreen.storyboard in Resources */,
				3455F00A2ABD02B7005A9FBC /* NameTableViewCell.xib in Resources */,
				3455EFFA2ABCFB89005A9FBC /* Main.storyboard in Resources */,
				3455F0112ABD248E005A9FBC /* Assets.xcassets in Resources */,
			);
			runOnlyForDeploymentPostprocessing = 0;
		};
/* End PBXResourcesBuildPhase section */

/* Begin PBXSourcesBuildPhase section */
		3455EFEB2ABCFB89005A9FBC /* Sources */ = {
			isa = PBXSourcesBuildPhase;
			buildActionMask = 2147483647;
			files = (
				3455F00D2ABD1E97005A9FBC /* Person.swift in Sources */,
				3430187B2AE20E490093FA8A /* HomeViewModel.swift in Sources */,
				3455EFF72ABCFB89005A9FBC /* HomeViewController.swift in Sources */,
				3455EFF32ABCFB89005A9FBC /* AppDelegate.swift in Sources */,
				3455F0092ABD02B7005A9FBC /* NameTableViewCell.swift in Sources */,
				3455EFF52ABCFB89005A9FBC /* SceneDelegate.swift in Sources */,
			);
			runOnlyForDeploymentPostprocessing = 0;
		};
/* End PBXSourcesBuildPhase section */

/* Begin PBXVariantGroup section */
		3455EFF82ABCFB89005A9FBC /* Main.storyboard */ = {
			isa = PBXVariantGroup;
			children = (
				3455EFF92ABCFB89005A9FBC /* Base */,
			);
			name = Main.storyboard;
			sourceTree = "<group>";
		};
		3455EFFD2ABCFB8B005A9FBC /* LaunchScreen.storyboard */ = {
			isa = PBXVariantGroup;
			children = (
				3455EFFE2ABCFB8B005A9FBC /* Base */,
			);
			name = LaunchScreen.storyboard;
			sourceTree = "<group>";
		};
/* End PBXVariantGroup section */

/* Begin XCBuildConfiguration section */
		3455F0012ABCFB8B005A9FBC /* Debug */ = {
			isa = XCBuildConfiguration;
			buildSettings = {
				ALWAYS_SEARCH_USER_PATHS = NO;
				ASSETCATALOG_COMPILER_GENERATE_SWIFT_ASSET_SYMBOL_EXTENSIONS = YES;
				CLANG_ANALYZER_NONNULL = YES;
				CLANG_ANALYZER_NUMBER_OBJECT_CONVERSION = YES_AGGRESSIVE;
				CLANG_CXX_LANGUAGE_STANDARD = "gnu++20";
				CLANG_ENABLE_MODULES = YES;
				CLANG_ENABLE_OBJC_ARC = YES;
				CLANG_ENABLE_OBJC_WEAK = YES;
				CLANG_WARN_BLOCK_CAPTURE_AUTORELEASING = YES;
				CLANG_WARN_BOOL_CONVERSION = YES;
				CLANG_WARN_COMMA = YES;
				CLANG_WARN_CONSTANT_CONVERSION = YES;
				CLANG_WARN_DEPRECATED_OBJC_IMPLEMENTATIONS = YES;
				CLANG_WARN_DIRECT_OBJC_ISA_USAGE = YES_ERROR;
				CLANG_WARN_DOCUMENTATION_COMMENTS = YES;
				CLANG_WARN_EMPTY_BODY = YES;
				CLANG_WARN_ENUM_CONVERSION = YES;
				CLANG_WARN_INFINITE_RECURSION = YES;
				CLANG_WARN_INT_CONVERSION = YES;
				CLANG_WARN_NON_LITERAL_NULL_CONVERSION = YES;
				CLANG_WARN_OBJC_IMPLICIT_RETAIN_SELF = YES;
				CLANG_WARN_OBJC_LITERAL_CONVERSION = YES;
				CLANG_WARN_OBJC_ROOT_CLASS = YES_ERROR;
				CLANG_WARN_QUOTED_INCLUDE_IN_FRAMEWORK_HEADER = YES;
				CLANG_WARN_RANGE_LOOP_ANALYSIS = YES;
				CLANG_WARN_STRICT_PROTOTYPES = YES;
				CLANG_WARN_SUSPICIOUS_MOVE = YES;
				CLANG_WARN_UNGUARDED_AVAILABILITY = YES_AGGRESSIVE;
				CLANG_WARN_UNREACHABLE_CODE = YES;
				CLANG_WARN__DUPLICATE_METHOD_MATCH = YES;
				COPY_PHASE_STRIP = NO;
				DEBUG_INFORMATION_FORMAT = dwarf;
				ENABLE_STRICT_OBJC_MSGSEND = YES;
				ENABLE_TESTABILITY = YES;
				ENABLE_USER_SCRIPT_SANDBOXING = YES;
				GCC_C_LANGUAGE_STANDARD = gnu17;
				GCC_DYNAMIC_NO_PIC = NO;
				GCC_NO_COMMON_BLOCKS = YES;
				GCC_OPTIMIZATION_LEVEL = 0;
				GCC_PREPROCESSOR_DEFINITIONS = (
					"DEBUG=1",
					"$(inherited)",
				);
				GCC_WARN_64_TO_32_BIT_CONVERSION = YES;
				GCC_WARN_ABOUT_RETURN_TYPE = YES_ERROR;
				GCC_WARN_UNDECLARED_SELECTOR = YES;
				GCC_WARN_UNINITIALIZED_AUTOS = YES_AGGRESSIVE;
				GCC_WARN_UNUSED_FUNCTION = YES;
				GCC_WARN_UNUSED_VARIABLE = YES;
				IPHONEOS_DEPLOYMENT_TARGET = 17.0;
				LOCALIZATION_PREFERS_STRING_CATALOGS = YES;
				MTL_ENABLE_DEBUG_INFO = INCLUDE_SOURCE;
				MTL_FAST_MATH = YES;
				ONLY_ACTIVE_ARCH = YES;
				SDKROOT = iphoneos;
				SWIFT_ACTIVE_COMPILATION_CONDITIONS = "DEBUG $(inherited)";
				SWIFT_OPTIMIZATION_LEVEL = "-Onone";
			};
			name = Debug;
		};
		3455F0022ABCFB8B005A9FBC /* Release */ = {
			isa = XCBuildConfiguration;
			buildSettings = {
				ALWAYS_SEARCH_USER_PATHS = NO;
				ASSETCATALOG_COMPILER_GENERATE_SWIFT_ASSET_SYMBOL_EXTENSIONS = YES;
				CLANG_ANALYZER_NONNULL = YES;
				CLANG_ANALYZER_NUMBER_OBJECT_CONVERSION = YES_AGGRESSIVE;
				CLANG_CXX_LANGUAGE_STANDARD = "gnu++20";
				CLANG_ENABLE_MODULES = YES;
				CLANG_ENABLE_OBJC_ARC = YES;
				CLANG_ENABLE_OBJC_WEAK = YES;
				CLANG_WARN_BLOCK_CAPTURE_AUTORELEASING = YES;
				CLANG_WARN_BOOL_CONVERSION = YES;
				CLANG_WARN_COMMA = YES;
				CLANG_WARN_CONSTANT_CONVERSION = YES;
				CLANG_WARN_DEPRECATED_OBJC_IMPLEMENTATIONS = YES;
				CLANG_WARN_DIRECT_OBJC_ISA_USAGE = YES_ERROR;
				CLANG_WARN_DOCUMENTATION_COMMENTS = YES;
				CLANG_WARN_EMPTY_BODY = YES;
				CLANG_WARN_ENUM_CONVERSION = YES;
				CLANG_WARN_INFINITE_RECURSION = YES;
				CLANG_WARN_INT_CONVERSION = YES;
				CLANG_WARN_NON_LITERAL_NULL_CONVERSION = YES;
				CLANG_WARN_OBJC_IMPLICIT_RETAIN_SELF = YES;
				CLANG_WARN_OBJC_LITERAL_CONVERSION = YES;
				CLANG_WARN_OBJC_ROOT_CLASS = YES_ERROR;
				CLANG_WARN_QUOTED_INCLUDE_IN_FRAMEWORK_HEADER = YES;
				CLANG_WARN_RANGE_LOOP_ANALYSIS = YES;
				CLANG_WARN_STRICT_PROTOTYPES = YES;
				CLANG_WARN_SUSPICIOUS_MOVE = YES;
				CLANG_WARN_UNGUARDED_AVAILABILITY = YES_AGGRESSIVE;
				CLANG_WARN_UNREACHABLE_CODE = YES;
				CLANG_WARN__DUPLICATE_METHOD_MATCH = YES;
				COPY_PHASE_STRIP = NO;
				DEBUG_INFORMATION_FORMAT = "dwarf-with-dsym";
				ENABLE_NS_ASSERTIONS = NO;
				ENABLE_STRICT_OBJC_MSGSEND = YES;
				ENABLE_USER_SCRIPT_SANDBOXING = YES;
				GCC_C_LANGUAGE_STANDARD = gnu17;
				GCC_NO_COMMON_BLOCKS = YES;
				GCC_WARN_64_TO_32_BIT_CONVERSION = YES;
				GCC_WARN_ABOUT_RETURN_TYPE = YES_ERROR;
				GCC_WARN_UNDECLARED_SELECTOR = YES;
				GCC_WARN_UNINITIALIZED_AUTOS = YES_AGGRESSIVE;
				GCC_WARN_UNUSED_FUNCTION = YES;
				GCC_WARN_UNUSED_VARIABLE = YES;
				IPHONEOS_DEPLOYMENT_TARGET = 17.0;
				LOCALIZATION_PREFERS_STRING_CATALOGS = YES;
				MTL_ENABLE_DEBUG_INFO = NO;
				MTL_FAST_MATH = YES;
				SDKROOT = iphoneos;
				SWIFT_COMPILATION_MODE = wholemodule;
				VALIDATE_PRODUCT = YES;
			};
			name = Release;
		};
		3455F0042ABCFB8B005A9FBC /* Debug */ = {
			isa = XCBuildConfiguration;
			buildSettings = {
				ASSETCATALOG_COMPILER_APPICON_NAME = AppIcon;
				ASSETCATALOG_COMPILER_GLOBAL_ACCENT_COLOR_NAME = AccentColor;
				CODE_SIGN_STYLE = Automatic;
				CURRENT_PROJECT_VERSION = 1;
				GENERATE_INFOPLIST_FILE = YES;
				INFOPLIST_FILE = TableViewSimplesTurma351BF/Info.plist;
				INFOPLIST_KEY_UIApplicationSupportsIndirectInputEvents = YES;
				INFOPLIST_KEY_UILaunchStoryboardName = LaunchScreen;
				INFOPLIST_KEY_UIMainStoryboardFile = Main;
				INFOPLIST_KEY_UISupportedInterfaceOrientations_iPad = "UIInterfaceOrientationPortrait UIInterfaceOrientationPortraitUpsideDown UIInterfaceOrientationLandscapeLeft UIInterfaceOrientationLandscapeRight";
				INFOPLIST_KEY_UISupportedInterfaceOrientations_iPhone = "UIInterfaceOrientationPortrait UIInterfaceOrientationLandscapeLeft UIInterfaceOrientationLandscapeRight";
				LD_RUNPATH_SEARCH_PATHS = (
					"$(inherited)",
					"@executable_path/Frameworks",
				);
				MARKETING_VERSION = 1.0;
				PRODUCT_BUNDLE_IDENTIFIER = backfront.TableViewSimplesTurma351BF;
				PRODUCT_NAME = "$(TARGET_NAME)";
				SWIFT_EMIT_LOC_STRINGS = YES;
				SWIFT_VERSION = 5.0;
				TARGETED_DEVICE_FAMILY = "1,2";
			};
			name = Debug;
		};
		3455F0052ABCFB8B005A9FBC /* Release */ = {
			isa = XCBuildConfiguration;
			buildSettings = {
				ASSETCATALOG_COMPILER_APPICON_NAME = AppIcon;
				ASSETCATALOG_COMPILER_GLOBAL_ACCENT_COLOR_NAME = AccentColor;
				CODE_SIGN_STYLE = Automatic;
				CURRENT_PROJECT_VERSION = 1;
				GENERATE_INFOPLIST_FILE = YES;
				INFOPLIST_FILE = TableViewSimplesTurma351BF/Info.plist;
				INFOPLIST_KEY_UIApplicationSupportsIndirectInputEvents = YES;
				INFOPLIST_KEY_UILaunchStoryboardName = LaunchScreen;
				INFOPLIST_KEY_UIMainStoryboardFile = Main;
				INFOPLIST_KEY_UISupportedInterfaceOrientations_iPad = "UIInterfaceOrientationPortrait UIInterfaceOrientationPortraitUpsideDown UIInterfaceOrientationLandscapeLeft UIInterfaceOrientationLandscapeRight";
				INFOPLIST_KEY_UISupportedInterfaceOrientations_iPhone = "UIInterfaceOrientationPortrait UIInterfaceOrientationLandscapeLeft UIInterfaceOrientationLandscapeRight";
				LD_RUNPATH_SEARCH_PATHS = (
					"$(inherited)",
					"@executable_path/Frameworks",
				);
				MARKETING_VERSION = 1.0;
				PRODUCT_BUNDLE_IDENTIFIER = backfront.TableViewSimplesTurma351BF;
				PRODUCT_NAME = "$(TARGET_NAME)";
				SWIFT_EMIT_LOC_STRINGS = YES;
				SWIFT_VERSION = 5.0;
				TARGETED_DEVICE_FAMILY = "1,2";
			};
			name = Release;
		};
/* End XCBuildConfiguration section */

/* Begin XCConfigurationList section */
		3455EFEA2ABCFB89005A9FBC /* Build configuration list for PBXProject "TableViewSimplesTurma351BF" */ = {
			isa = XCConfigurationList;
			buildConfigurations = (
				3455F0012ABCFB8B005A9FBC /* Debug */,
				3455F0022ABCFB8B005A9FBC /* Release */,
			);
			defaultConfigurationIsVisible = 0;
			defaultConfigurationName = Release;
		};
		3455F0032ABCFB8B005A9FBC /* Build configuration list for PBXNativeTarget "TableViewSimplesTurma351BF" */ = {
			isa = XCConfigurationList;
			buildConfigurations = (
				3455F0042ABCFB8B005A9FBC /* Debug */,
				3455F0052ABCFB8B005A9FBC /* Release */,
			);
			defaultConfigurationIsVisible = 0;
			defaultConfigurationName = Release;
		};
/* End XCConfigurationList section */
	};
	rootObject = 3455EFE72ABCFB89005A9FBC /* Project object */;
}
