// !$*UTF8*$!
{
	archiveVersion = 1;
	classes = {
	};
	objectVersion = 56;
	objects = {

/* Begin PBXBuildFile section */
		3469571F2AC3C1650040051C /* AppDelegate.swift in Sources */ = {isa = PBXBuildFile; fileRef = 3469571E2AC3C1650040051C /* AppDelegate.swift */; };
		346957212AC3C1650040051C /* SceneDelegate.swift in Sources */ = {isa = PBXBuildFile; fileRef = 346957202AC3C1650040051C /* SceneDelegate.swift */; };
		346957232AC3C1650040051C /* ViewController.swift in Sources */ = {isa = PBXBuildFile; fileRef = 346957222AC3C1650040051C /* ViewController.swift */; };
		346957262AC3C1650040051C /* Main.storyboard in Resources */ = {isa = PBXBuildFile; fileRef = 346957242AC3C1650040051C /* Main.storyboard */; };
		346957282AC3C1660040051C /* Assets.xcassets in Resources */ = {isa = PBXBuildFile; fileRef = 346957272AC3C1660040051C /* Assets.xcassets */; };
		3469572B2AC3C1660040051C /* LaunchScreen.storyboard in Resources */ = {isa = PBXBuildFile; fileRef = 346957292AC3C1660040051C /* LaunchScreen.storyboard */; };
		346957352AC3C2440040051C /* CarCollectionViewCell.swift in Sources */ = {isa = PBXBuildFile; fileRef = 346957332AC3C2430040051C /* CarCollectionViewCell.swift */; };
		346957362AC3C2440040051C /* CarCollectionViewCell.xib in Resources */ = {isa = PBXBuildFile; fileRef = 346957342AC3C2430040051C /* CarCollectionViewCell.xib */; };
		346957392AC3C3210040051C /* Car.swift in Sources */ = {isa = PBXBuildFile; fileRef = 346957382AC3C3210040051C /* Car.swift */; };
/* End PBXBuildFile section */

/* Begin PBXFileReference section */
		3469571B2AC3C1650040051C /* DesafioCollectionViewTurma351BF.app */ = {isa = PBXFileReference; explicitFileType = wrapper.application; includeInIndex = 0; path = DesafioCollectionViewTurma351BF.app; sourceTree = BUILT_PRODUCTS_DIR; };
		3469571E2AC3C1650040051C /* AppDelegate.swift */ = {isa = PBXFileReference; lastKnownFileType = sourcecode.swift; path = AppDelegate.swift; sourceTree = "<group>"; };
		346957202AC3C1650040051C /* SceneDelegate.swift */ = {isa = PBXFileReference; lastKnownFileType = sourcecode.swift; path = SceneDelegate.swift; sourceTree = "<group>"; };
		346957222AC3C1650040051C /* ViewController.swift */ = {isa = PBXFileReference; lastKnownFileType = sourcecode.swift; path = ViewController.swift; sourceTree = "<group>"; };
		346957252AC3C1650040051C /* Base */ = {isa = PBXFileReference; lastKnownFileType = file.storyboard; name = Base; path = Base.lproj/Main.storyboard; sourceTree = "<group>"; };
		346957272AC3C1660040051C /* Assets.xcassets */ = {isa = PBXFileReference; lastKnownFileType = folder.assetcatalog; path = Assets.xcassets; sourceTree = "<group>"; };
		3469572A2AC3C1660040051C /* Base */ = {isa = PBXFileReference; lastKnownFileType = file.storyboard; name = Base; path = Base.lproj/LaunchScreen.storyboard; sourceTree = "<group>"; };
		3469572C2AC3C1660040051C /* Info.plist */ = {isa = PBXFileReference; lastKnownFileType = text.plist.xml; path = Info.plist; sourceTree = "<group>"; };
		346957332AC3C2430040051C /* CarCollectionViewCell.swift */ = {isa = PBXFileReference; lastKnownFileType = sourcecode.swift; path = CarCollectionViewCell.swift; sourceTree = "<group>"; };
		346957342AC3C2430040051C /* CarCollectionViewCell.xib */ = {isa = PBXFileReference; lastKnownFileType = file.xib; path = CarCollectionViewCell.xib; sourceTree = "<group>"; };
		346957382AC3C3210040051C /* Car.swift */ = {isa = PBXFileReference; lastKnownFileType = sourcecode.swift; path = Car.swift; sourceTree = "<group>"; };
/* End PBXFileReference section */

/* Begin PBXFrameworksBuildPhase section */
		346957182AC3C1650040051C /* Frameworks */ = {
			isa = PBXFrameworksBuildPhase;
			buildActionMask = 2147483647;
			files = (
			);
			runOnlyForDeploymentPostprocessing = 0;
		};
/* End PBXFrameworksBuildPhase section */

/* Begin PBXGroup section */
		346957122AC3C1650040051C = {
			isa = PBXGroup;
			children = (
				3469571D2AC3C1650040051C /* DesafioCollectionViewTurma351BF */,
				3469571C2AC3C1650040051C /* Products */,
			);
			sourceTree = "<group>";
		};
		3469571C2AC3C1650040051C /* Products */ = {
			isa = PBXGroup;
			children = (
				3469571B2AC3C1650040051C /* DesafioCollectionViewTurma351BF.app */,
			);
			name = Products;
			sourceTree = "<group>";
		};
		3469571D2AC3C1650040051C /* DesafioCollectionViewTurma351BF */ = {
			isa = PBXGroup;
			children = (
				346957372AC3C3160040051C /* Model */,
				346957322AC3C2310040051C /* Cell */,
				3469571E2AC3C1650040051C /* AppDelegate.swift */,
				346957202AC3C1650040051C /* SceneDelegate.swift */,
				346957222AC3C1650040051C /* ViewController.swift */,
				346957242AC3C1650040051C /* Main.storyboard */,
				346957272AC3C1660040051C /* Assets.xcassets */,
				346957292AC3C1660040051C /* LaunchScreen.storyboard */,
				3469572C2AC3C1660040051C /* Info.plist */,
			);
			path = DesafioCollectionViewTurma351BF;
			sourceTree = "<group>";
		};
		346957322AC3C2310040051C /* Cell */ = {
			isa = PBXGroup;
			children = (
				346957332AC3C2430040051C /* CarCollectionViewCell.swift */,
				346957342AC3C2430040051C /* CarCollectionViewCell.xib */,
			);
			path = Cell;
			sourceTree = "<group>";
		};
		346957372AC3C3160040051C /* Model */ = {
			isa = PBXGroup;
			children = (
				346957382AC3C3210040051C /* Car.swift */,
			);
			path = Model;
			sourceTree = "<group>";
		};
/* End PBXGroup section */

/* Begin PBXNativeTarget section */
		3469571A2AC3C1650040051C /* DesafioCollectionViewTurma351BF */ = {
			isa = PBXNativeTarget;
			buildConfigurationList = 3469572F2AC3C1660040051C /* Build configuration list for PBXNativeTarget "DesafioCollectionViewTurma351BF" */;
			buildPhases = (
				346957172AC3C1650040051C /* Sources */,
				346957182AC3C1650040051C /* Frameworks */,
				346957192AC3C1650040051C /* Resources */,
			);
			buildRules = (
			);
			dependencies = (
			);
			name = DesafioCollectionViewTurma351BF;
			productName = DesafioCollectionViewTurma351BF;
			productReference = 3469571B2AC3C1650040051C /* DesafioCollectionViewTurma351BF.app */;
			productType = "com.apple.product-type.application";
		};
/* End PBXNativeTarget section */

/* Begin PBXProject section */
		346957132AC3C1650040051C /* Project object */ = {
			isa = PBXProject;
			attributes = {
				BuildIndependentTargetsInParallel = 1;
				LastSwiftUpdateCheck = 1500;
				LastUpgradeCheck = 1500;
				TargetAttributes = {
					3469571A2AC3C1650040051C = {
						CreatedOnToolsVersion = 15.0;
					};
				};
			};
			buildConfigurationList = 346957162AC3C1650040051C /* Build configuration list for PBXProject "DesafioCollectionViewTurma351BF" */;
			compatibilityVersion = "Xcode 14.0";
			developmentRegion = en;
			hasScannedForEncodings = 0;
			knownRegions = (
				en,
				Base,
			);
			mainGroup = 346957122AC3C1650040051C;
			productRefGroup = 3469571C2AC3C1650040051C /* Products */;
			projectDirPath = "";
			projectRoot = "";
			targets = (
				3469571A2AC3C1650040051C /* DesafioCollectionViewTurma351BF */,
			);
		};
/* End PBXProject section */

/* Begin PBXResourcesBuildPhase section */
		346957192AC3C1650040051C /* Resources */ = {
			isa = PBXResourcesBuildPhase;
			buildActionMask = 2147483647;
			files = (
				3469572B2AC3C1660040051C /* LaunchScreen.storyboard in Resources */,
				346957282AC3C1660040051C /* Assets.xcassets in Resources */,
				346957262AC3C1650040051C /* Main.storyboard in Resources */,
				346957362AC3C2440040051C /* CarCollectionViewCell.xib in Resources */,
			);
			runOnlyForDeploymentPostprocessing = 0;
		};
/* End PBXResourcesBuildPhase section */

/* Begin PBXSourcesBuildPhase section */
		346957172AC3C1650040051C /* Sources */ = {
			isa = PBXSourcesBuildPhase;
			buildActionMask = 2147483647;
			files = (
				346957232AC3C1650040051C /* ViewController.swift in Sources */,
				3469571F2AC3C1650040051C /* AppDelegate.swift in Sources */,
				346957392AC3C3210040051C /* Car.swift in Sources */,
				346957212AC3C1650040051C /* SceneDelegate.swift in Sources */,
				346957352AC3C2440040051C /* CarCollectionViewCell.swift in Sources */,
			);
			runOnlyForDeploymentPostprocessing = 0;
		};
/* End PBXSourcesBuildPhase section */

/* Begin PBXVariantGroup section */
		346957242AC3C1650040051C /* Main.storyboard */ = {
			isa = PBXVariantGroup;
			children = (
				346957252AC3C1650040051C /* Base */,
			);
			name = Main.storyboard;
			sourceTree = "<group>";
		};
		346957292AC3C1660040051C /* LaunchScreen.storyboard */ = {
			isa = PBXVariantGroup;
			children = (
				3469572A2AC3C1660040051C /* Base */,
			);
			name = LaunchScreen.storyboard;
			sourceTree = "<group>";
		};
/* End PBXVariantGroup section */

/* Begin XCBuildConfiguration section */
		3469572D2AC3C1660040051C /* Debug */ = {
			isa = XCBuildConfiguration;
			buildSettings = {
				ALWAYS_SEARCH_USER_PATHS = NO;
				ASSETCATALOG_COMPILER_GENERATE_SWIFT_ASSET_SYMBOL_EXTENSIONS = YES;
				CLANG_ANALYZER_NONNULL = YES;
				CLANG_ANALYZER_NUMBER_OBJECT_CONVERSION = YES_AGGRESSIVE;
				CLANG_CXX_LANGUAGE_STANDARD = "gnu++20";
				CLANG_ENABLE_MODULES = YES;
				CLANG_ENABLE_OBJC_ARC = YES;
				CLANG_ENABLE_OBJC_WEAK = YES;
				CLANG_WARN_BLOCK_CAPTURE_AUTORELEASING = YES;
				CLANG_WARN_BOOL_CONVERSION = YES;
				CLANG_WARN_COMMA = YES;
				CLANG_WARN_CONSTANT_CONVERSION = YES;
				CLANG_WARN_DEPRECATED_OBJC_IMPLEMENTATIONS = YES;
				CLANG_WARN_DIRECT_OBJC_ISA_USAGE = YES_ERROR;
				CLANG_WARN_DOCUMENTATION_COMMENTS = YES;
				CLANG_WARN_EMPTY_BODY = YES;
				CLANG_WARN_ENUM_CONVERSION = YES;
				CLANG_WARN_INFINITE_RECURSION = YES;
				CLANG_WARN_INT_CONVERSION = YES;
				CLANG_WARN_NON_LITERAL_NULL_CONVERSION = YES;
				CLANG_WARN_OBJC_IMPLICIT_RETAIN_SELF = YES;
				CLANG_WARN_OBJC_LITERAL_CONVERSION = YES;
				CLANG_WARN_OBJC_ROOT_CLASS = YES_ERROR;
				CLANG_WARN_QUOTED_INCLUDE_IN_FRAMEWORK_HEADER = YES;
				CLANG_WARN_RANGE_LOOP_ANALYSIS = YES;
				CLANG_WARN_STRICT_PROTOTYPES = YES;
				CLANG_WARN_SUSPICIOUS_MOVE = YES;
				CLANG_WARN_UNGUARDED_AVAILABILITY = YES_AGGRESSIVE;
				CLANG_WARN_UNREACHABLE_CODE = YES;
				CLANG_WARN__DUPLICATE_METHOD_MATCH = YES;
				COPY_PHASE_STRIP = NO;
				DEBUG_INFORMATION_FORMAT = dwarf;
				ENABLE_STRICT_OBJC_MSGSEND = YES;
				ENABLE_TESTABILITY = YES;
				ENABLE_USER_SCRIPT_SANDBOXING = YES;
				GCC_C_LANGUAGE_STANDARD = gnu17;
				GCC_DYNAMIC_NO_PIC = NO;
				GCC_NO_COMMON_BLOCKS = YES;
				GCC_OPTIMIZATION_LEVEL = 0;
				GCC_PREPROCESSOR_DEFINITIONS = (
					"DEBUG=1",
					"$(inherited)",
				);
				GCC_WARN_64_TO_32_BIT_CONVERSION = YES;
				GCC_WARN_ABOUT_RETURN_TYPE = YES_ERROR;
				GCC_WARN_UNDECLARED_SELECTOR = YES;
				GCC_WARN_UNINITIALIZED_AUTOS = YES_AGGRESSIVE;
				GCC_WARN_UNUSED_FUNCTION = YES;
				GCC_WARN_UNUSED_VARIABLE = YES;
				IPHONEOS_DEPLOYMENT_TARGET = 17.0;
				LOCALIZATION_PREFERS_STRING_CATALOGS = YES;
				MTL_ENABLE_DEBUG_INFO = INCLUDE_SOURCE;
				MTL_FAST_MATH = YES;
				ONLY_ACTIVE_ARCH = YES;
				SDKROOT = iphoneos;
				SWIFT_ACTIVE_COMPILATION_CONDITIONS = "DEBUG $(inherited)";
				SWIFT_OPTIMIZATION_LEVEL = "-Onone";
			};
			name = Debug;
		};
		3469572E2AC3C1660040051C /* Release */ = {
			isa = XCBuildConfiguration;
			buildSettings = {
				ALWAYS_SEARCH_USER_PATHS = NO;
				ASSETCATALOG_COMPILER_GENERATE_SWIFT_ASSET_SYMBOL_EXTENSIONS = YES;
				CLANG_ANALYZER_NONNULL = YES;
				CLANG_ANALYZER_NUMBER_OBJECT_CONVERSION = YES_AGGRESSIVE;
				CLANG_CXX_LANGUAGE_STANDARD = "gnu++20";
				CLANG_ENABLE_MODULES = YES;
				CLANG_ENABLE_OBJC_ARC = YES;
				CLANG_ENABLE_OBJC_WEAK = YES;
				CLANG_WARN_BLOCK_CAPTURE_AUTORELEASING = YES;
				CLANG_WARN_BOOL_CONVERSION = YES;
				CLANG_WARN_COMMA = YES;
				CLANG_WARN_CONSTANT_CONVERSION = YES;
				CLANG_WARN_DEPRECATED_OBJC_IMPLEMENTATIONS = YES;
				CLANG_WARN_DIRECT_OBJC_ISA_USAGE = YES_ERROR;
				CLANG_WARN_DOCUMENTATION_COMMENTS = YES;
				CLANG_WARN_EMPTY_BODY = YES;
				CLANG_WARN_ENUM_CONVERSION = YES;
				CLANG_WARN_INFINITE_RECURSION = YES;
				CLANG_WARN_INT_CONVERSION = YES;
				CLANG_WARN_NON_LITERAL_NULL_CONVERSION = YES;
				CLANG_WARN_OBJC_IMPLICIT_RETAIN_SELF = YES;
				CLANG_WARN_OBJC_LITERAL_CONVERSION = YES;
				CLANG_WARN_OBJC_ROOT_CLASS = YES_ERROR;
				CLANG_WARN_QUOTED_INCLUDE_IN_FRAMEWORK_HEADER = YES;
				CLANG_WARN_RANGE_LOOP_ANALYSIS = YES;
				CLANG_WARN_STRICT_PROTOTYPES = YES;
				CLANG_WARN_SUSPICIOUS_MOVE = YES;
				CLANG_WARN_UNGUARDED_AVAILABILITY = YES_AGGRESSIVE;
				CLANG_WARN_UNREACHABLE_CODE = YES;
				CLANG_WARN__DUPLICATE_METHOD_MATCH = YES;
				COPY_PHASE_STRIP = NO;
				DEBUG_INFORMATION_FORMAT = "dwarf-with-dsym";
				ENABLE_NS_ASSERTIONS = NO;
				ENABLE_STRICT_OBJC_MSGSEND = YES;
				ENABLE_USER_SCRIPT_SANDBOXING = YES;
				GCC_C_LANGUAGE_STANDARD = gnu17;
				GCC_NO_COMMON_BLOCKS = YES;
				GCC_WARN_64_TO_32_BIT_CONVERSION = YES;
				GCC_WARN_ABOUT_RETURN_TYPE = YES_ERROR;
				GCC_WARN_UNDECLARED_SELECTOR = YES;
				GCC_WARN_UNINITIALIZED_AUTOS = YES_AGGRESSIVE;
				GCC_WARN_UNUSED_FUNCTION = YES;
				GCC_WARN_UNUSED_VARIABLE = YES;
				IPHONEOS_DEPLOYMENT_TARGET = 17.0;
				LOCALIZATION_PREFERS_STRING_CATALOGS = YES;
				MTL_ENABLE_DEBUG_INFO = NO;
				MTL_FAST_MATH = YES;
				SDKROOT = iphoneos;
				SWIFT_COMPILATION_MODE = wholemodule;
				VALIDATE_PRODUCT = YES;
			};
			name = Release;
		};
		346957302AC3C1660040051C /* Debug */ = {
			isa = XCBuildConfiguration;
			buildSettings = {
				ASSETCATALOG_COMPILER_APPICON_NAME = AppIcon;
				ASSETCATALOG_COMPILER_GLOBAL_ACCENT_COLOR_NAME = AccentColor;
				CODE_SIGN_STYLE = Automatic;
				CURRENT_PROJECT_VERSION = 1;
				GENERATE_INFOPLIST_FILE = YES;
				INFOPLIST_FILE = DesafioCollectionViewTurma351BF/Info.plist;
				INFOPLIST_KEY_UIApplicationSupportsIndirectInputEvents = YES;
				INFOPLIST_KEY_UILaunchStoryboardName = LaunchScreen;
				INFOPLIST_KEY_UIMainStoryboardFile = Main;
				INFOPLIST_KEY_UISupportedInterfaceOrientations_iPad = "UIInterfaceOrientationPortrait UIInterfaceOrientationPortraitUpsideDown UIInterfaceOrientationLandscapeLeft UIInterfaceOrientationLandscapeRight";
				INFOPLIST_KEY_UISupportedInterfaceOrientations_iPhone = "UIInterfaceOrientationPortrait UIInterfaceOrientationLandscapeLeft UIInterfaceOrientationLandscapeRight";
				LD_RUNPATH_SEARCH_PATHS = (
					"$(inherited)",
					"@executable_path/Frameworks",
				);
				MARKETING_VERSION = 1.0;
				PRODUCT_BUNDLE_IDENTIFIER = backfront.DesafioCollectionViewTurma351BF;
				PRODUCT_NAME = "$(TARGET_NAME)";
				SWIFT_EMIT_LOC_STRINGS = YES;
				SWIFT_VERSION = 5.0;
				TARGETED_DEVICE_FAMILY = "1,2";
			};
			name = Debug;
		};
		346957312AC3C1660040051C /* Release */ = {
			isa = XCBuildConfiguration;
			buildSettings = {
				ASSETCATALOG_COMPILER_APPICON_NAME = AppIcon;
				ASSETCATALOG_COMPILER_GLOBAL_ACCENT_COLOR_NAME = AccentColor;
				CODE_SIGN_STYLE = Automatic;
				CURRENT_PROJECT_VERSION = 1;
				GENERATE_INFOPLIST_FILE = YES;
				INFOPLIST_FILE = DesafioCollectionViewTurma351BF/Info.plist;
				INFOPLIST_KEY_UIApplicationSupportsIndirectInputEvents = YES;
				INFOPLIST_KEY_UILaunchStoryboardName = LaunchScreen;
				INFOPLIST_KEY_UIMainStoryboardFile = Main;
				INFOPLIST_KEY_UISupportedInterfaceOrientations_iPad = "UIInterfaceOrientationPortrait UIInterfaceOrientationPortraitUpsideDown UIInterfaceOrientationLandscapeLeft UIInterfaceOrientationLandscapeRight";
				INFOPLIST_KEY_UISupportedInterfaceOrientations_iPhone = "UIInterfaceOrientationPortrait UIInterfaceOrientationLandscapeLeft UIInterfaceOrientationLandscapeRight";
				LD_RUNPATH_SEARCH_PATHS = (
					"$(inherited)",
					"@executable_path/Frameworks",
				);
				MARKETING_VERSION = 1.0;
				PRODUCT_BUNDLE_IDENTIFIER = backfront.DesafioCollectionViewTurma351BF;
				PRODUCT_NAME = "$(TARGET_NAME)";
				SWIFT_EMIT_LOC_STRINGS = YES;
				SWIFT_VERSION = 5.0;
				TARGETED_DEVICE_FAMILY = "1,2";
			};
			name = Release;
		};
/* End XCBuildConfiguration section */

/* Begin XCConfigurationList section */
		346957162AC3C1650040051C /* Build configuration list for PBXProject "DesafioCollectionViewTurma351BF" */ = {
			isa = XCConfigurationList;
			buildConfigurations = (
				3469572D2AC3C1660040051C /* Debug */,
				3469572E2AC3C1660040051C /* Release */,
			);
			defaultConfigurationIsVisible = 0;
			defaultConfigurationName = Release;
		};
		3469572F2AC3C1660040051C /* Build configuration list for PBXNativeTarget "DesafioCollectionViewTurma351BF" */ = {
			isa = XCConfigurationList;
			buildConfigurations = (
				346957302AC3C1660040051C /* Debug */,
				346957312AC3C1660040051C /* Release */,
			);
			defaultConfigurationIsVisible = 0;
			defaultConfigurationName = Release;
		};
/* End XCConfigurationList section */
	};
	rootObject = 346957132AC3C1650040051C /* Project object */;
}
