// !$*UTF8*$!
{
	archiveVersion = 1;
	classes = {
	};
	objectVersion = 56;
	objects = {

/* Begin PBXBuildFile section */
		3430181E2AE1EFAA0093FA8A /* AppDelegate.swift in Sources */ = {isa = PBXBuildFile; fileRef = 3430181D2AE1EFAA0093FA8A /* AppDelegate.swift */; };
		343018202AE1EFAA0093FA8A /* SceneDelegate.swift in Sources */ = {isa = PBXBuildFile; fileRef = 3430181F2AE1EFAA0093FA8A /* SceneDelegate.swift */; };
		343018222AE1EFAA0093FA8A /* ViewController.swift in Sources */ = {isa = PBXBuildFile; fileRef = 343018212AE1EFAA0093FA8A /* ViewController.swift */; };
		343018252AE1EFAA0093FA8A /* Main.storyboard in Resources */ = {isa = PBXBuildFile; fileRef = 343018232AE1EFAA0093FA8A /* Main.storyboard */; };
		343018272AE1EFAB0093FA8A /* Assets.xcassets in Resources */ = {isa = PBXBuildFile; fileRef = 343018262AE1EFAB0093FA8A /* Assets.xcassets */; };
		3430182A2AE1EFAB0093FA8A /* LaunchScreen.storyboard in Resources */ = {isa = PBXBuildFile; fileRef = 343018282AE1EFAB0093FA8A /* LaunchScreen.storyboard */; };
		3430183B2AE1F15C0093FA8A /* GoogleService-Info.plist in Resources */ = {isa = PBXBuildFile; fileRef = 3430183A2AE1F15C0093FA8A /* GoogleService-Info.plist */; };
		3430183E2AE1F4B70093FA8A /* FirebaseAnalytics in Frameworks */ = {isa = PBXBuildFile; productRef = 3430183D2AE1F4B70093FA8A /* FirebaseAnalytics */; };
		343018402AE1F4B70093FA8A /* FirebaseAnalyticsOnDeviceConversion in Frameworks */ = {isa = PBXBuildFile; productRef = 3430183F2AE1F4B70093FA8A /* FirebaseAnalyticsOnDeviceConversion */; };
		343018422AE1F4B70093FA8A /* FirebaseAnalyticsSwift in Frameworks */ = {isa = PBXBuildFile; productRef = 343018412AE1F4B70093FA8A /* FirebaseAnalyticsSwift */; };
		343018442AE1F4B70093FA8A /* FirebaseAnalyticsWithoutAdIdSupport in Frameworks */ = {isa = PBXBuildFile; productRef = 343018432AE1F4B70093FA8A /* FirebaseAnalyticsWithoutAdIdSupport */; };
		343018462AE1F4B70093FA8A /* FirebaseAppCheck in Frameworks */ = {isa = PBXBuildFile; productRef = 343018452AE1F4B70093FA8A /* FirebaseAppCheck */; };
		343018482AE1F4B70093FA8A /* FirebaseAppDistribution-Beta in Frameworks */ = {isa = PBXBuildFile; productRef = 343018472AE1F4B70093FA8A /* FirebaseAppDistribution-Beta */; };
		3430184A2AE1F4B70093FA8A /* FirebaseAuth in Frameworks */ = {isa = PBXBuildFile; productRef = 343018492AE1F4B70093FA8A /* FirebaseAuth */; };
		3430184C2AE1F4B70093FA8A /* FirebaseAuthCombine-Community in Frameworks */ = {isa = PBXBuildFile; productRef = 3430184B2AE1F4B70093FA8A /* FirebaseAuthCombine-Community */; };
		3430184E2AE1F4B70093FA8A /* FirebaseCrashlytics in Frameworks */ = {isa = PBXBuildFile; productRef = 3430184D2AE1F4B70093FA8A /* FirebaseCrashlytics */; };
		343018502AE1F4B70093FA8A /* FirebaseDatabase in Frameworks */ = {isa = PBXBuildFile; productRef = 3430184F2AE1F4B70093FA8A /* FirebaseDatabase */; };
		343018522AE1F4B70093FA8A /* FirebaseDatabaseSwift in Frameworks */ = {isa = PBXBuildFile; productRef = 343018512AE1F4B70093FA8A /* FirebaseDatabaseSwift */; };
		343018542AE1F4B70093FA8A /* FirebaseDynamicLinks in Frameworks */ = {isa = PBXBuildFile; productRef = 343018532AE1F4B70093FA8A /* FirebaseDynamicLinks */; };
		343018562AE1F4B70093FA8A /* FirebaseFirestore in Frameworks */ = {isa = PBXBuildFile; productRef = 343018552AE1F4B70093FA8A /* FirebaseFirestore */; };
		343018582AE1F4B70093FA8A /* FirebaseFirestoreCombine-Community in Frameworks */ = {isa = PBXBuildFile; productRef = 343018572AE1F4B70093FA8A /* FirebaseFirestoreCombine-Community */; };
		3430185A2AE1F4B70093FA8A /* FirebaseFirestoreSwift in Frameworks */ = {isa = PBXBuildFile; productRef = 343018592AE1F4B70093FA8A /* FirebaseFirestoreSwift */; };
		3430185C2AE1F4B70093FA8A /* FirebaseFunctions in Frameworks */ = {isa = PBXBuildFile; productRef = 3430185B2AE1F4B70093FA8A /* FirebaseFunctions */; };
		3430185E2AE1F4B70093FA8A /* FirebaseFunctionsCombine-Community in Frameworks */ = {isa = PBXBuildFile; productRef = 3430185D2AE1F4B70093FA8A /* FirebaseFunctionsCombine-Community */; };
		343018602AE1F4B70093FA8A /* FirebaseInAppMessaging-Beta in Frameworks */ = {isa = PBXBuildFile; productRef = 3430185F2AE1F4B70093FA8A /* FirebaseInAppMessaging-Beta */; };
		343018622AE1F4B70093FA8A /* FirebaseInAppMessagingSwift-Beta in Frameworks */ = {isa = PBXBuildFile; productRef = 343018612AE1F4B70093FA8A /* FirebaseInAppMessagingSwift-Beta */; };
		343018642AE1F4B70093FA8A /* FirebaseInstallations in Frameworks */ = {isa = PBXBuildFile; productRef = 343018632AE1F4B70093FA8A /* FirebaseInstallations */; };
		343018662AE1F4B70093FA8A /* FirebaseMLModelDownloader in Frameworks */ = {isa = PBXBuildFile; productRef = 343018652AE1F4B70093FA8A /* FirebaseMLModelDownloader */; };
		343018682AE1F4B70093FA8A /* FirebaseMessaging in Frameworks */ = {isa = PBXBuildFile; productRef = 343018672AE1F4B70093FA8A /* FirebaseMessaging */; };
		3430186A2AE1F4B70093FA8A /* FirebasePerformance in Frameworks */ = {isa = PBXBuildFile; productRef = 343018692AE1F4B70093FA8A /* FirebasePerformance */; };
		3430186C2AE1F4B70093FA8A /* FirebaseRemoteConfig in Frameworks */ = {isa = PBXBuildFile; productRef = 3430186B2AE1F4B70093FA8A /* FirebaseRemoteConfig */; };
		3430186E2AE1F4B70093FA8A /* FirebaseRemoteConfigSwift in Frameworks */ = {isa = PBXBuildFile; productRef = 3430186D2AE1F4B70093FA8A /* FirebaseRemoteConfigSwift */; };
		343018702AE1F4B70093FA8A /* FirebaseStorage in Frameworks */ = {isa = PBXBuildFile; productRef = 3430186F2AE1F4B70093FA8A /* FirebaseStorage */; };
		343018722AE1F4B70093FA8A /* FirebaseStorageCombine-Community in Frameworks */ = {isa = PBXBuildFile; productRef = 343018712AE1F4B70093FA8A /* FirebaseStorageCombine-Community */; };
/* End PBXBuildFile section */

/* Begin PBXFileReference section */
		3430181A2AE1EFAA0093FA8A /* PrimeiroAppLoginCaioTurma351BF.app */ = {isa = PBXFileReference; explicitFileType = wrapper.application; includeInIndex = 0; path = PrimeiroAppLoginCaioTurma351BF.app; sourceTree = BUILT_PRODUCTS_DIR; };
		3430181D2AE1EFAA0093FA8A /* AppDelegate.swift */ = {isa = PBXFileReference; lastKnownFileType = sourcecode.swift; path = AppDelegate.swift; sourceTree = "<group>"; };
		3430181F2AE1EFAA0093FA8A /* SceneDelegate.swift */ = {isa = PBXFileReference; lastKnownFileType = sourcecode.swift; path = SceneDelegate.swift; sourceTree = "<group>"; };
		343018212AE1EFAA0093FA8A /* ViewController.swift */ = {isa = PBXFileReference; lastKnownFileType = sourcecode.swift; path = ViewController.swift; sourceTree = "<group>"; };
		343018242AE1EFAA0093FA8A /* Base */ = {isa = PBXFileReference; lastKnownFileType = file.storyboard; name = Base; path = Base.lproj/Main.storyboard; sourceTree = "<group>"; };
		343018262AE1EFAB0093FA8A /* Assets.xcassets */ = {isa = PBXFileReference; lastKnownFileType = folder.assetcatalog; path = Assets.xcassets; sourceTree = "<group>"; };
		343018292AE1EFAB0093FA8A /* Base */ = {isa = PBXFileReference; lastKnownFileType = file.storyboard; name = Base; path = Base.lproj/LaunchScreen.storyboard; sourceTree = "<group>"; };
		3430182B2AE1EFAB0093FA8A /* Info.plist */ = {isa = PBXFileReference; lastKnownFileType = text.plist.xml; path = Info.plist; sourceTree = "<group>"; };
		3430183A2AE1F15C0093FA8A /* GoogleService-Info.plist */ = {isa = PBXFileReference; fileEncoding = 4; lastKnownFileType = text.plist.xml; path = "GoogleService-Info.plist"; sourceTree = "<group>"; };
/* End PBXFileReference section */

/* Begin PBXFrameworksBuildPhase section */
		343018172AE1EFAA0093FA8A /* Frameworks */ = {
			isa = PBXFrameworksBuildPhase;
			buildActionMask = 2147483647;
			files = (
				343018502AE1F4B70093FA8A /* FirebaseDatabase in Frameworks */,
				3430185E2AE1F4B70093FA8A /* FirebaseFunctionsCombine-Community in Frameworks */,
				343018562AE1F4B70093FA8A /* FirebaseFirestore in Frameworks */,
				343018422AE1F4B70093FA8A /* FirebaseAnalyticsSwift in Frameworks */,
				3430183E2AE1F4B70093FA8A /* FirebaseAnalytics in Frameworks */,
				343018402AE1F4B70093FA8A /* FirebaseAnalyticsOnDeviceConversion in Frameworks */,
				343018662AE1F4B70093FA8A /* FirebaseMLModelDownloader in Frameworks */,
				3430185A2AE1F4B70093FA8A /* FirebaseFirestoreSwift in Frameworks */,
				343018462AE1F4B70093FA8A /* FirebaseAppCheck in Frameworks */,
				343018442AE1F4B70093FA8A /* FirebaseAnalyticsWithoutAdIdSupport in Frameworks */,
				3430184A2AE1F4B70093FA8A /* FirebaseAuth in Frameworks */,
				3430184E2AE1F4B70093FA8A /* FirebaseCrashlytics in Frameworks */,
				3430186E2AE1F4B70093FA8A /* FirebaseRemoteConfigSwift in Frameworks */,
				343018602AE1F4B70093FA8A /* FirebaseInAppMessaging-Beta in Frameworks */,
				343018522AE1F4B70093FA8A /* FirebaseDatabaseSwift in Frameworks */,
				3430185C2AE1F4B70093FA8A /* FirebaseFunctions in Frameworks */,
				343018722AE1F4B70093FA8A /* FirebaseStorageCombine-Community in Frameworks */,
				3430186C2AE1F4B70093FA8A /* FirebaseRemoteConfig in Frameworks */,
				343018482AE1F4B70093FA8A /* FirebaseAppDistribution-Beta in Frameworks */,
				3430184C2AE1F4B70093FA8A /* FirebaseAuthCombine-Community in Frameworks */,
				3430186A2AE1F4B70093FA8A /* FirebasePerformance in Frameworks */,
				343018622AE1F4B70093FA8A /* FirebaseInAppMessagingSwift-Beta in Frameworks */,
				343018702AE1F4B70093FA8A /* FirebaseStorage in Frameworks */,
				343018542AE1F4B70093FA8A /* FirebaseDynamicLinks in Frameworks */,
				343018582AE1F4B70093FA8A /* FirebaseFirestoreCombine-Community in Frameworks */,
				343018682AE1F4B70093FA8A /* FirebaseMessaging in Frameworks */,
				343018642AE1F4B70093FA8A /* FirebaseInstallations in Frameworks */,
			);
			runOnlyForDeploymentPostprocessing = 0;
		};
/* End PBXFrameworksBuildPhase section */

/* Begin PBXGroup section */
		343018112AE1EFAA0093FA8A = {
			isa = PBXGroup;
			children = (
				3430181C2AE1EFAA0093FA8A /* PrimeiroAppLoginCaioTurma351BF */,
				3430181B2AE1EFAA0093FA8A /* Products */,
				343018732AE1F5AC0093FA8A /* Frameworks */,
			);
			sourceTree = "<group>";
		};
		3430181B2AE1EFAA0093FA8A /* Products */ = {
			isa = PBXGroup;
			children = (
				3430181A2AE1EFAA0093FA8A /* PrimeiroAppLoginCaioTurma351BF.app */,
			);
			name = Products;
			sourceTree = "<group>";
		};
		3430181C2AE1EFAA0093FA8A /* PrimeiroAppLoginCaioTurma351BF */ = {
			isa = PBXGroup;
			children = (
				3430181D2AE1EFAA0093FA8A /* AppDelegate.swift */,
				3430181F2AE1EFAA0093FA8A /* SceneDelegate.swift */,
				343018212AE1EFAA0093FA8A /* ViewController.swift */,
				343018232AE1EFAA0093FA8A /* Main.storyboard */,
				343018262AE1EFAB0093FA8A /* Assets.xcassets */,
				343018282AE1EFAB0093FA8A /* LaunchScreen.storyboard */,
				3430182B2AE1EFAB0093FA8A /* Info.plist */,
				3430183A2AE1F15C0093FA8A /* GoogleService-Info.plist */,
			);
			path = PrimeiroAppLoginCaioTurma351BF;
			sourceTree = "<group>";
		};
		343018732AE1F5AC0093FA8A /* Frameworks */ = {
			isa = PBXGroup;
			children = (
			);
			name = Frameworks;
			sourceTree = "<group>";
		};
/* End PBXGroup section */

/* Begin PBXNativeTarget section */
		343018192AE1EFAA0093FA8A /* PrimeiroAppLoginCaioTurma351BF */ = {
			isa = PBXNativeTarget;
			buildConfigurationList = 3430182E2AE1EFAB0093FA8A /* Build configuration list for PBXNativeTarget "PrimeiroAppLoginCaioTurma351BF" */;
			buildPhases = (
				343018162AE1EFAA0093FA8A /* Sources */,
				343018172AE1EFAA0093FA8A /* Frameworks */,
				343018182AE1EFAA0093FA8A /* Resources */,
			);
			buildRules = (
			);
			dependencies = (
			);
			name = PrimeiroAppLoginCaioTurma351BF;
			packageProductDependencies = (
				3430183D2AE1F4B70093FA8A /* FirebaseAnalytics */,
				3430183F2AE1F4B70093FA8A /* FirebaseAnalyticsOnDeviceConversion */,
				343018412AE1F4B70093FA8A /* FirebaseAnalyticsSwift */,
				343018432AE1F4B70093FA8A /* FirebaseAnalyticsWithoutAdIdSupport */,
				343018452AE1F4B70093FA8A /* FirebaseAppCheck */,
				343018472AE1F4B70093FA8A /* FirebaseAppDistribution-Beta */,
				343018492AE1F4B70093FA8A /* FirebaseAuth */,
				3430184B2AE1F4B70093FA8A /* FirebaseAuthCombine-Community */,
				3430184D2AE1F4B70093FA8A /* FirebaseCrashlytics */,
				3430184F2AE1F4B70093FA8A /* FirebaseDatabase */,
				343018512AE1F4B70093FA8A /* FirebaseDatabaseSwift */,
				343018532AE1F4B70093FA8A /* FirebaseDynamicLinks */,
				343018552AE1F4B70093FA8A /* FirebaseFirestore */,
				343018572AE1F4B70093FA8A /* FirebaseFirestoreCombine-Community */,
				343018592AE1F4B70093FA8A /* FirebaseFirestoreSwift */,
				3430185B2AE1F4B70093FA8A /* FirebaseFunctions */,
				3430185D2AE1F4B70093FA8A /* FirebaseFunctionsCombine-Community */,
				3430185F2AE1F4B70093FA8A /* FirebaseInAppMessaging-Beta */,
				343018612AE1F4B70093FA8A /* FirebaseInAppMessagingSwift-Beta */,
				343018632AE1F4B70093FA8A /* FirebaseInstallations */,
				343018652AE1F4B70093FA8A /* FirebaseMLModelDownloader */,
				343018672AE1F4B70093FA8A /* FirebaseMessaging */,
				343018692AE1F4B70093FA8A /* FirebasePerformance */,
				3430186B2AE1F4B70093FA8A /* FirebaseRemoteConfig */,
				3430186D2AE1F4B70093FA8A /* FirebaseRemoteConfigSwift */,
				3430186F2AE1F4B70093FA8A /* FirebaseStorage */,
				343018712AE1F4B70093FA8A /* FirebaseStorageCombine-Community */,
			);
			productName = PrimeiroAppLoginCaioTurma351BF;
			productReference = 3430181A2AE1EFAA0093FA8A /* PrimeiroAppLoginCaioTurma351BF.app */;
			productType = "com.apple.product-type.application";
		};
/* End PBXNativeTarget section */

/* Begin PBXProject section */
		343018122AE1EFAA0093FA8A /* Project object */ = {
			isa = PBXProject;
			attributes = {
				BuildIndependentTargetsInParallel = 1;
				LastSwiftUpdateCheck = 1500;
				LastUpgradeCheck = 1500;
				TargetAttributes = {
					343018192AE1EFAA0093FA8A = {
						CreatedOnToolsVersion = 15.0;
					};
				};
			};
			buildConfigurationList = 343018152AE1EFAA0093FA8A /* Build configuration list for PBXProject "PrimeiroAppLoginCaioTurma351BF" */;
			compatibilityVersion = "Xcode 14.0";
			developmentRegion = en;
			hasScannedForEncodings = 0;
			knownRegions = (
				en,
				Base,
			);
			mainGroup = 343018112AE1EFAA0093FA8A;
			packageReferences = (
				3430183C2AE1F4B70093FA8A /* XCRemoteSwiftPackageReference "firebase-ios-sdk" */,
			);
			productRefGroup = 3430181B2AE1EFAA0093FA8A /* Products */;
			projectDirPath = "";
			projectRoot = "";
			targets = (
				343018192AE1EFAA0093FA8A /* PrimeiroAppLoginCaioTurma351BF */,
			);
		};
/* End PBXProject section */

/* Begin PBXResourcesBuildPhase section */
		343018182AE1EFAA0093FA8A /* Resources */ = {
			isa = PBXResourcesBuildPhase;
			buildActionMask = 2147483647;
			files = (
				3430183B2AE1F15C0093FA8A /* GoogleService-Info.plist in Resources */,
				3430182A2AE1EFAB0093FA8A /* LaunchScreen.storyboard in Resources */,
				343018272AE1EFAB0093FA8A /* Assets.xcassets in Resources */,
				343018252AE1EFAA0093FA8A /* Main.storyboard in Resources */,
			);
			runOnlyForDeploymentPostprocessing = 0;
		};
/* End PBXResourcesBuildPhase section */

/* Begin PBXSourcesBuildPhase section */
		343018162AE1EFAA0093FA8A /* Sources */ = {
			isa = PBXSourcesBuildPhase;
			buildActionMask = 2147483647;
			files = (
				343018222AE1EFAA0093FA8A /* ViewController.swift in Sources */,
				3430181E2AE1EFAA0093FA8A /* AppDelegate.swift in Sources */,
				343018202AE1EFAA0093FA8A /* SceneDelegate.swift in Sources */,
			);
			runOnlyForDeploymentPostprocessing = 0;
		};
/* End PBXSourcesBuildPhase section */

/* Begin PBXVariantGroup section */
		343018232AE1EFAA0093FA8A /* Main.storyboard */ = {
			isa = PBXVariantGroup;
			children = (
				343018242AE1EFAA0093FA8A /* Base */,
			);
			name = Main.storyboard;
			sourceTree = "<group>";
		};
		343018282AE1EFAB0093FA8A /* LaunchScreen.storyboard */ = {
			isa = PBXVariantGroup;
			children = (
				343018292AE1EFAB0093FA8A /* Base */,
			);
			name = LaunchScreen.storyboard;
			sourceTree = "<group>";
		};
/* End PBXVariantGroup section */

/* Begin XCBuildConfiguration section */
		3430182C2AE1EFAB0093FA8A /* Debug */ = {
			isa = XCBuildConfiguration;
			buildSettings = {
				ALWAYS_SEARCH_USER_PATHS = NO;
				ASSETCATALOG_COMPILER_GENERATE_SWIFT_ASSET_SYMBOL_EXTENSIONS = YES;
				CLANG_ANALYZER_NONNULL = YES;
				CLANG_ANALYZER_NUMBER_OBJECT_CONVERSION = YES_AGGRESSIVE;
				CLANG_CXX_LANGUAGE_STANDARD = "gnu++20";
				CLANG_ENABLE_MODULES = YES;
				CLANG_ENABLE_OBJC_ARC = YES;
				CLANG_ENABLE_OBJC_WEAK = YES;
				CLANG_WARN_BLOCK_CAPTURE_AUTORELEASING = YES;
				CLANG_WARN_BOOL_CONVERSION = YES;
				CLANG_WARN_COMMA = YES;
				CLANG_WARN_CONSTANT_CONVERSION = YES;
				CLANG_WARN_DEPRECATED_OBJC_IMPLEMENTATIONS = YES;
				CLANG_WARN_DIRECT_OBJC_ISA_USAGE = YES_ERROR;
				CLANG_WARN_DOCUMENTATION_COMMENTS = YES;
				CLANG_WARN_EMPTY_BODY = YES;
				CLANG_WARN_ENUM_CONVERSION = YES;
				CLANG_WARN_INFINITE_RECURSION = YES;
				CLANG_WARN_INT_CONVERSION = YES;
				CLANG_WARN_NON_LITERAL_NULL_CONVERSION = YES;
				CLANG_WARN_OBJC_IMPLICIT_RETAIN_SELF = YES;
				CLANG_WARN_OBJC_LITERAL_CONVERSION = YES;
				CLANG_WARN_OBJC_ROOT_CLASS = YES_ERROR;
				CLANG_WARN_QUOTED_INCLUDE_IN_FRAMEWORK_HEADER = YES;
				CLANG_WARN_RANGE_LOOP_ANALYSIS = YES;
				CLANG_WARN_STRICT_PROTOTYPES = YES;
				CLANG_WARN_SUSPICIOUS_MOVE = YES;
				CLANG_WARN_UNGUARDED_AVAILABILITY = YES_AGGRESSIVE;
				CLANG_WARN_UNREACHABLE_CODE = YES;
				CLANG_WARN__DUPLICATE_METHOD_MATCH = YES;
				COPY_PHASE_STRIP = NO;
				DEBUG_INFORMATION_FORMAT = dwarf;
				ENABLE_STRICT_OBJC_MSGSEND = YES;
				ENABLE_TESTABILITY = YES;
				ENABLE_USER_SCRIPT_SANDBOXING = YES;
				GCC_C_LANGUAGE_STANDARD = gnu17;
				GCC_DYNAMIC_NO_PIC = NO;
				GCC_NO_COMMON_BLOCKS = YES;
				GCC_OPTIMIZATION_LEVEL = 0;
				GCC_PREPROCESSOR_DEFINITIONS = (
					"DEBUG=1",
					"$(inherited)",
				);
				GCC_WARN_64_TO_32_BIT_CONVERSION = YES;
				GCC_WARN_ABOUT_RETURN_TYPE = YES_ERROR;
				GCC_WARN_UNDECLARED_SELECTOR = YES;
				GCC_WARN_UNINITIALIZED_AUTOS = YES_AGGRESSIVE;
				GCC_WARN_UNUSED_FUNCTION = YES;
				GCC_WARN_UNUSED_VARIABLE = YES;
				IPHONEOS_DEPLOYMENT_TARGET = 17.0;
				LOCALIZATION_PREFERS_STRING_CATALOGS = YES;
				MTL_ENABLE_DEBUG_INFO = INCLUDE_SOURCE;
				MTL_FAST_MATH = YES;
				ONLY_ACTIVE_ARCH = YES;
				SDKROOT = iphoneos;
				SWIFT_ACTIVE_COMPILATION_CONDITIONS = "DEBUG $(inherited)";
				SWIFT_OPTIMIZATION_LEVEL = "-Onone";
			};
			name = Debug;
		};
		3430182D2AE1EFAB0093FA8A /* Release */ = {
			isa = XCBuildConfiguration;
			buildSettings = {
				ALWAYS_SEARCH_USER_PATHS = NO;
				ASSETCATALOG_COMPILER_GENERATE_SWIFT_ASSET_SYMBOL_EXTENSIONS = YES;
				CLANG_ANALYZER_NONNULL = YES;
				CLANG_ANALYZER_NUMBER_OBJECT_CONVERSION = YES_AGGRESSIVE;
				CLANG_CXX_LANGUAGE_STANDARD = "gnu++20";
				CLANG_ENABLE_MODULES = YES;
				CLANG_ENABLE_OBJC_ARC = YES;
				CLANG_ENABLE_OBJC_WEAK = YES;
				CLANG_WARN_BLOCK_CAPTURE_AUTORELEASING = YES;
				CLANG_WARN_BOOL_CONVERSION = YES;
				CLANG_WARN_COMMA = YES;
				CLANG_WARN_CONSTANT_CONVERSION = YES;
				CLANG_WARN_DEPRECATED_OBJC_IMPLEMENTATIONS = YES;
				CLANG_WARN_DIRECT_OBJC_ISA_USAGE = YES_ERROR;
				CLANG_WARN_DOCUMENTATION_COMMENTS = YES;
				CLANG_WARN_EMPTY_BODY = YES;
				CLANG_WARN_ENUM_CONVERSION = YES;
				CLANG_WARN_INFINITE_RECURSION = YES;
				CLANG_WARN_INT_CONVERSION = YES;
				CLANG_WARN_NON_LITERAL_NULL_CONVERSION = YES;
				CLANG_WARN_OBJC_IMPLICIT_RETAIN_SELF = YES;
				CLANG_WARN_OBJC_LITERAL_CONVERSION = YES;
				CLANG_WARN_OBJC_ROOT_CLASS = YES_ERROR;
				CLANG_WARN_QUOTED_INCLUDE_IN_FRAMEWORK_HEADER = YES;
				CLANG_WARN_RANGE_LOOP_ANALYSIS = YES;
				CLANG_WARN_STRICT_PROTOTYPES = YES;
				CLANG_WARN_SUSPICIOUS_MOVE = YES;
				CLANG_WARN_UNGUARDED_AVAILABILITY = YES_AGGRESSIVE;
				CLANG_WARN_UNREACHABLE_CODE = YES;
				CLANG_WARN__DUPLICATE_METHOD_MATCH = YES;
				COPY_PHASE_STRIP = NO;
				DEBUG_INFORMATION_FORMAT = "dwarf-with-dsym";
				ENABLE_NS_ASSERTIONS = NO;
				ENABLE_STRICT_OBJC_MSGSEND = YES;
				ENABLE_USER_SCRIPT_SANDBOXING = YES;
				GCC_C_LANGUAGE_STANDARD = gnu17;
				GCC_NO_COMMON_BLOCKS = YES;
				GCC_WARN_64_TO_32_BIT_CONVERSION = YES;
				GCC_WARN_ABOUT_RETURN_TYPE = YES_ERROR;
				GCC_WARN_UNDECLARED_SELECTOR = YES;
				GCC_WARN_UNINITIALIZED_AUTOS = YES_AGGRESSIVE;
				GCC_WARN_UNUSED_FUNCTION = YES;
				GCC_WARN_UNUSED_VARIABLE = YES;
				IPHONEOS_DEPLOYMENT_TARGET = 17.0;
				LOCALIZATION_PREFERS_STRING_CATALOGS = YES;
				MTL_ENABLE_DEBUG_INFO = NO;
				MTL_FAST_MATH = YES;
				SDKROOT = iphoneos;
				SWIFT_COMPILATION_MODE = wholemodule;
				VALIDATE_PRODUCT = YES;
			};
			name = Release;
		};
		3430182F2AE1EFAB0093FA8A /* Debug */ = {
			isa = XCBuildConfiguration;
			buildSettings = {
				ASSETCATALOG_COMPILER_APPICON_NAME = AppIcon;
				ASSETCATALOG_COMPILER_GLOBAL_ACCENT_COLOR_NAME = AccentColor;
				CODE_SIGN_STYLE = Automatic;
				CURRENT_PROJECT_VERSION = 1;
				GENERATE_INFOPLIST_FILE = YES;
				INFOPLIST_FILE = PrimeiroAppLoginCaioTurma351BF/Info.plist;
				INFOPLIST_KEY_UIApplicationSupportsIndirectInputEvents = YES;
				INFOPLIST_KEY_UILaunchStoryboardName = LaunchScreen;
				INFOPLIST_KEY_UIMainStoryboardFile = Main;
				INFOPLIST_KEY_UISupportedInterfaceOrientations_iPad = "UIInterfaceOrientationPortrait UIInterfaceOrientationPortraitUpsideDown UIInterfaceOrientationLandscapeLeft UIInterfaceOrientationLandscapeRight";
				INFOPLIST_KEY_UISupportedInterfaceOrientations_iPhone = "UIInterfaceOrientationPortrait UIInterfaceOrientationLandscapeLeft UIInterfaceOrientationLandscapeRight";
				LD_RUNPATH_SEARCH_PATHS = (
					"$(inherited)",
					"@executable_path/Frameworks",
				);
				MARKETING_VERSION = 1.0;
				PRODUCT_BUNDLE_IDENTIFIER = backfront.PrimeiroAppLoginCaioTurma351BF;
				PRODUCT_NAME = "$(TARGET_NAME)";
				SWIFT_EMIT_LOC_STRINGS = YES;
				SWIFT_VERSION = 5.0;
				TARGETED_DEVICE_FAMILY = "1,2";
			};
			name = Debug;
		};
		343018302AE1EFAB0093FA8A /* Release */ = {
			isa = XCBuildConfiguration;
			buildSettings = {
				ASSETCATALOG_COMPILER_APPICON_NAME = AppIcon;
				ASSETCATALOG_COMPILER_GLOBAL_ACCENT_COLOR_NAME = AccentColor;
				CODE_SIGN_STYLE = Automatic;
				CURRENT_PROJECT_VERSION = 1;
				GENERATE_INFOPLIST_FILE = YES;
				INFOPLIST_FILE = PrimeiroAppLoginCaioTurma351BF/Info.plist;
				INFOPLIST_KEY_UIApplicationSupportsIndirectInputEvents = YES;
				INFOPLIST_KEY_UILaunchStoryboardName = LaunchScreen;
				INFOPLIST_KEY_UIMainStoryboardFile = Main;
				INFOPLIST_KEY_UISupportedInterfaceOrientations_iPad = "UIInterfaceOrientationPortrait UIInterfaceOrientationPortraitUpsideDown UIInterfaceOrientationLandscapeLeft UIInterfaceOrientationLandscapeRight";
				INFOPLIST_KEY_UISupportedInterfaceOrientations_iPhone = "UIInterfaceOrientationPortrait UIInterfaceOrientationLandscapeLeft UIInterfaceOrientationLandscapeRight";
				LD_RUNPATH_SEARCH_PATHS = (
					"$(inherited)",
					"@executable_path/Frameworks",
				);
				MARKETING_VERSION = 1.0;
				PRODUCT_BUNDLE_IDENTIFIER = backfront.PrimeiroAppLoginCaioTurma351BF;
				PRODUCT_NAME = "$(TARGET_NAME)";
				SWIFT_EMIT_LOC_STRINGS = YES;
				SWIFT_VERSION = 5.0;
				TARGETED_DEVICE_FAMILY = "1,2";
			};
			name = Release;
		};
/* End XCBuildConfiguration section */

/* Begin XCConfigurationList section */
		343018152AE1EFAA0093FA8A /* Build configuration list for PBXProject "PrimeiroAppLoginCaioTurma351BF" */ = {
			isa = XCConfigurationList;
			buildConfigurations = (
				3430182C2AE1EFAB0093FA8A /* Debug */,
				3430182D2AE1EFAB0093FA8A /* Release */,
			);
			defaultConfigurationIsVisible = 0;
			defaultConfigurationName = Release;
		};
		3430182E2AE1EFAB0093FA8A /* Build configuration list for PBXNativeTarget "PrimeiroAppLoginCaioTurma351BF" */ = {
			isa = XCConfigurationList;
			buildConfigurations = (
				3430182F2AE1EFAB0093FA8A /* Debug */,
				343018302AE1EFAB0093FA8A /* Release */,
			);
			defaultConfigurationIsVisible = 0;
			defaultConfigurationName = Release;
		};
/* End XCConfigurationList section */

/* Begin XCRemoteSwiftPackageReference section */
		3430183C2AE1F4B70093FA8A /* XCRemoteSwiftPackageReference "firebase-ios-sdk" */ = {
			isa = XCRemoteSwiftPackageReference;
			repositoryURL = "https://github.com/firebase/firebase-ios-sdk";
			requirement = {
				kind = upToNextMajorVersion;
				minimumVersion = 10.16.0;
			};
		};
/* End XCRemoteSwiftPackageReference section */

/* Begin XCSwiftPackageProductDependency section */
		3430183D2AE1F4B70093FA8A /* FirebaseAnalytics */ = {
			isa = XCSwiftPackageProductDependency;
			package = 3430183C2AE1F4B70093FA8A /* XCRemoteSwiftPackageReference "firebase-ios-sdk" */;
			productName = FirebaseAnalytics;
		};
		3430183F2AE1F4B70093FA8A /* FirebaseAnalyticsOnDeviceConversion */ = {
			isa = XCSwiftPackageProductDependency;
			package = 3430183C2AE1F4B70093FA8A /* XCRemoteSwiftPackageReference "firebase-ios-sdk" */;
			productName = FirebaseAnalyticsOnDeviceConversion;
		};
		343018412AE1F4B70093FA8A /* FirebaseAnalyticsSwift */ = {
			isa = XCSwiftPackageProductDependency;
			package = 3430183C2AE1F4B70093FA8A /* XCRemoteSwiftPackageReference "firebase-ios-sdk" */;
			productName = FirebaseAnalyticsSwift;
		};
		343018432AE1F4B70093FA8A /* FirebaseAnalyticsWithoutAdIdSupport */ = {
			isa = XCSwiftPackageProductDependency;
			package = 3430183C2AE1F4B70093FA8A /* XCRemoteSwiftPackageReference "firebase-ios-sdk" */;
			productName = FirebaseAnalyticsWithoutAdIdSupport;
		};
		343018452AE1F4B70093FA8A /* FirebaseAppCheck */ = {
			isa = XCSwiftPackageProductDependency;
			package = 3430183C2AE1F4B70093FA8A /* XCRemoteSwiftPackageReference "firebase-ios-sdk" */;
			productName = FirebaseAppCheck;
		};
		343018472AE1F4B70093FA8A /* FirebaseAppDistribution-Beta */ = {
			isa = XCSwiftPackageProductDependency;
			package = 3430183C2AE1F4B70093FA8A /* XCRemoteSwiftPackageReference "firebase-ios-sdk" */;
			productName = "FirebaseAppDistribution-Beta";
		};
		343018492AE1F4B70093FA8A /* FirebaseAuth */ = {
			isa = XCSwiftPackageProductDependency;
			package = 3430183C2AE1F4B70093FA8A /* XCRemoteSwiftPackageReference "firebase-ios-sdk" */;
			productName = FirebaseAuth;
		};
		3430184B2AE1F4B70093FA8A /* FirebaseAuthCombine-Community */ = {
			isa = XCSwiftPackageProductDependency;
			package = 3430183C2AE1F4B70093FA8A /* XCRemoteSwiftPackageReference "firebase-ios-sdk" */;
			productName = "FirebaseAuthCombine-Community";
		};
		3430184D2AE1F4B70093FA8A /* FirebaseCrashlytics */ = {
			isa = XCSwiftPackageProductDependency;
			package = 3430183C2AE1F4B70093FA8A /* XCRemoteSwiftPackageReference "firebase-ios-sdk" */;
			productName = FirebaseCrashlytics;
		};
		3430184F2AE1F4B70093FA8A /* FirebaseDatabase */ = {
			isa = XCSwiftPackageProductDependency;
			package = 3430183C2AE1F4B70093FA8A /* XCRemoteSwiftPackageReference "firebase-ios-sdk" */;
			productName = FirebaseDatabase;
		};
		343018512AE1F4B70093FA8A /* FirebaseDatabaseSwift */ = {
			isa = XCSwiftPackageProductDependency;
			package = 3430183C2AE1F4B70093FA8A /* XCRemoteSwiftPackageReference "firebase-ios-sdk" */;
			productName = FirebaseDatabaseSwift;
		};
		343018532AE1F4B70093FA8A /* FirebaseDynamicLinks */ = {
			isa = XCSwiftPackageProductDependency;
			package = 3430183C2AE1F4B70093FA8A /* XCRemoteSwiftPackageReference "firebase-ios-sdk" */;
			productName = FirebaseDynamicLinks;
		};
		343018552AE1F4B70093FA8A /* FirebaseFirestore */ = {
			isa = XCSwiftPackageProductDependency;
			package = 3430183C2AE1F4B70093FA8A /* XCRemoteSwiftPackageReference "firebase-ios-sdk" */;
			productName = FirebaseFirestore;
		};
		343018572AE1F4B70093FA8A /* FirebaseFirestoreCombine-Community */ = {
			isa = XCSwiftPackageProductDependency;
			package = 3430183C2AE1F4B70093FA8A /* XCRemoteSwiftPackageReference "firebase-ios-sdk" */;
			productName = "FirebaseFirestoreCombine-Community";
		};
		343018592AE1F4B70093FA8A /* FirebaseFirestoreSwift */ = {
			isa = XCSwiftPackageProductDependency;
			package = 3430183C2AE1F4B70093FA8A /* XCRemoteSwiftPackageReference "firebase-ios-sdk" */;
			productName = FirebaseFirestoreSwift;
		};
		3430185B2AE1F4B70093FA8A /* FirebaseFunctions */ = {
			isa = XCSwiftPackageProductDependency;
			package = 3430183C2AE1F4B70093FA8A /* XCRemoteSwiftPackageReference "firebase-ios-sdk" */;
			productName = FirebaseFunctions;
		};
		3430185D2AE1F4B70093FA8A /* FirebaseFunctionsCombine-Community */ = {
			isa = XCSwiftPackageProductDependency;
			package = 3430183C2AE1F4B70093FA8A /* XCRemoteSwiftPackageReference "firebase-ios-sdk" */;
			productName = "FirebaseFunctionsCombine-Community";
		};
		3430185F2AE1F4B70093FA8A /* FirebaseInAppMessaging-Beta */ = {
			isa = XCSwiftPackageProductDependency;
			package = 3430183C2AE1F4B70093FA8A /* XCRemoteSwiftPackageReference "firebase-ios-sdk" */;
			productName = "FirebaseInAppMessaging-Beta";
		};
		343018612AE1F4B70093FA8A /* FirebaseInAppMessagingSwift-Beta */ = {
			isa = XCSwiftPackageProductDependency;
			package = 3430183C2AE1F4B70093FA8A /* XCRemoteSwiftPackageReference "firebase-ios-sdk" */;
			productName = "FirebaseInAppMessagingSwift-Beta";
		};
		343018632AE1F4B70093FA8A /* FirebaseInstallations */ = {
			isa = XCSwiftPackageProductDependency;
			package = 3430183C2AE1F4B70093FA8A /* XCRemoteSwiftPackageReference "firebase-ios-sdk" */;
			productName = FirebaseInstallations;
		};
		343018652AE1F4B70093FA8A /* FirebaseMLModelDownloader */ = {
			isa = XCSwiftPackageProductDependency;
			package = 3430183C2AE1F4B70093FA8A /* XCRemoteSwiftPackageReference "firebase-ios-sdk" */;
			productName = FirebaseMLModelDownloader;
		};
		343018672AE1F4B70093FA8A /* FirebaseMessaging */ = {
			isa = XCSwiftPackageProductDependency;
			package = 3430183C2AE1F4B70093FA8A /* XCRemoteSwiftPackageReference "firebase-ios-sdk" */;
			productName = FirebaseMessaging;
		};
		343018692AE1F4B70093FA8A /* FirebasePerformance */ = {
			isa = XCSwiftPackageProductDependency;
			package = 3430183C2AE1F4B70093FA8A /* XCRemoteSwiftPackageReference "firebase-ios-sdk" */;
			productName = FirebasePerformance;
		};
		3430186B2AE1F4B70093FA8A /* FirebaseRemoteConfig */ = {
			isa = XCSwiftPackageProductDependency;
			package = 3430183C2AE1F4B70093FA8A /* XCRemoteSwiftPackageReference "firebase-ios-sdk" */;
			productName = FirebaseRemoteConfig;
		};
		3430186D2AE1F4B70093FA8A /* FirebaseRemoteConfigSwift */ = {
			isa = XCSwiftPackageProductDependency;
			package = 3430183C2AE1F4B70093FA8A /* XCRemoteSwiftPackageReference "firebase-ios-sdk" */;
			productName = FirebaseRemoteConfigSwift;
		};
		3430186F2AE1F4B70093FA8A /* FirebaseStorage */ = {
			isa = XCSwiftPackageProductDependency;
			package = 3430183C2AE1F4B70093FA8A /* XCRemoteSwiftPackageReference "firebase-ios-sdk" */;
			productName = FirebaseStorage;
		};
		343018712AE1F4B70093FA8A /* FirebaseStorageCombine-Community */ = {
			isa = XCSwiftPackageProductDependency;
			package = 3430183C2AE1F4B70093FA8A /* XCRemoteSwiftPackageReference "firebase-ios-sdk" */;
			productName = "FirebaseStorageCombine-Community";
		};
/* End XCSwiftPackageProductDependency section */
	};
	rootObject = 343018122AE1EFAA0093FA8A /* Project object */;
}
