// !$*UTF8*$!
{
	archiveVersion = 1;
	classes = {
	};
	objectVersion = 56;
	objects = {

/* Begin PBXBuildFile section */
		C44DBC402ABA58CC00554EB0 /* AppDelegate.swift in Sources */ = {isa = PBXBuildFile; fileRef = C44DBC3F2ABA58CC00554EB0 /* AppDelegate.swift */; };
		C44DBC422ABA58CC00554EB0 /* SceneDelegate.swift in Sources */ = {isa = PBXBuildFile; fileRef = C44DBC412ABA58CC00554EB0 /* SceneDelegate.swift */; };
		C44DBC442ABA58CC00554EB0 /* Tela01ViewController.swift in Sources */ = {isa = PBXBuildFile; fileRef = C44DBC432ABA58CC00554EB0 /* Tela01ViewController.swift */; };
		C44DBC472ABA58CC00554EB0 /* Main.storyboard in Resources */ = {isa = PBXBuildFile; fileRef = C44DBC452ABA58CC00554EB0 /* Main.storyboard */; };
		C44DBC492ABA58CE00554EB0 /* Assets.xcassets in Resources */ = {isa = PBXBuildFile; fileRef = C44DBC482ABA58CE00554EB0 /* Assets.xcassets */; };
		C44DBC4C2ABA58CE00554EB0 /* LaunchScreen.storyboard in Resources */ = {isa = PBXBuildFile; fileRef = C44DBC4A2ABA58CE00554EB0 /* LaunchScreen.storyboard */; };
		C44DBC562ABA596A00554EB0 /* Tela02ViewController.swift in Sources */ = {isa = PBXBuildFile; fileRef = C44DBC552ABA596A00554EB0 /* Tela02ViewController.swift */; };
		C44DBC582ABA597C00554EB0 /* Tela02ViewController.storyboard in Resources */ = {isa = PBXBuildFile; fileRef = C44DBC572ABA597C00554EB0 /* Tela02ViewController.storyboard */; };
/* End PBXBuildFile section */

/* Begin PBXFileReference section */
		C44DBC3C2ABA58CC00554EB0 /* TransicaoDeDados.app */ = {isa = PBXFileReference; explicitFileType = wrapper.application; includeInIndex = 0; path = TransicaoDeDados.app; sourceTree = BUILT_PRODUCTS_DIR; };
		C44DBC3F2ABA58CC00554EB0 /* AppDelegate.swift */ = {isa = PBXFileReference; lastKnownFileType = sourcecode.swift; path = AppDelegate.swift; sourceTree = "<group>"; };
		C44DBC412ABA58CC00554EB0 /* SceneDelegate.swift */ = {isa = PBXFileReference; lastKnownFileType = sourcecode.swift; path = SceneDelegate.swift; sourceTree = "<group>"; };
		C44DBC432ABA58CC00554EB0 /* Tela01ViewController.swift */ = {isa = PBXFileReference; lastKnownFileType = sourcecode.swift; path = Tela01ViewController.swift; sourceTree = "<group>"; };
		C44DBC462ABA58CC00554EB0 /* Base */ = {isa = PBXFileReference; lastKnownFileType = file.storyboard; name = Base; path = Base.lproj/Main.storyboard; sourceTree = "<group>"; };
		C44DBC482ABA58CE00554EB0 /* Assets.xcassets */ = {isa = PBXFileReference; lastKnownFileType = folder.assetcatalog; path = Assets.xcassets; sourceTree = "<group>"; };
		C44DBC4B2ABA58CE00554EB0 /* Base */ = {isa = PBXFileReference; lastKnownFileType = file.storyboard; name = Base; path = Base.lproj/LaunchScreen.storyboard; sourceTree = "<group>"; };
		C44DBC4D2ABA58CE00554EB0 /* Info.plist */ = {isa = PBXFileReference; lastKnownFileType = text.plist.xml; path = Info.plist; sourceTree = "<group>"; };
		C44DBC552ABA596A00554EB0 /* Tela02ViewController.swift */ = {isa = PBXFileReference; lastKnownFileType = sourcecode.swift; path = Tela02ViewController.swift; sourceTree = "<group>"; };
		C44DBC572ABA597C00554EB0 /* Tela02ViewController.storyboard */ = {isa = PBXFileReference; lastKnownFileType = file.storyboard; path = Tela02ViewController.storyboard; sourceTree = "<group>"; };
/* End PBXFileReference section */

/* Begin PBXFrameworksBuildPhase section */
		C44DBC392ABA58CC00554EB0 /* Frameworks */ = {
			isa = PBXFrameworksBuildPhase;
			buildActionMask = 2147483647;
			files = (
			);
			runOnlyForDeploymentPostprocessing = 0;
		};
/* End PBXFrameworksBuildPhase section */

/* Begin PBXGroup section */
		C44DBC332ABA58CC00554EB0 = {
			isa = PBXGroup;
			children = (
				C44DBC3E2ABA58CC00554EB0 /* TransicaoDeDados */,
				C44DBC3D2ABA58CC00554EB0 /* Products */,
			);
			sourceTree = "<group>";
		};
		C44DBC3D2ABA58CC00554EB0 /* Products */ = {
			isa = PBXGroup;
			children = (
				C44DBC3C2ABA58CC00554EB0 /* TransicaoDeDados.app */,
			);
			name = Products;
			sourceTree = "<group>";
		};
		C44DBC3E2ABA58CC00554EB0 /* TransicaoDeDados */ = {
			isa = PBXGroup;
			children = (
				C44DBC592ABA5E9800554EB0 /* Resources */,
				C44DBC542ABA594F00554EB0 /* Tela02 */,
				C44DBC532ABA594300554EB0 /* Tela01 */,
				C44DBC4D2ABA58CE00554EB0 /* Info.plist */,
			);
			path = TransicaoDeDados;
			sourceTree = "<group>";
		};
		C44DBC532ABA594300554EB0 /* Tela01 */ = {
			isa = PBXGroup;
			children = (
				C44DBC452ABA58CC00554EB0 /* Main.storyboard */,
				C44DBC432ABA58CC00554EB0 /* Tela01ViewController.swift */,
			);
			path = Tela01;
			sourceTree = "<group>";
		};
		C44DBC542ABA594F00554EB0 /* Tela02 */ = {
			isa = PBXGroup;
			children = (
				C44DBC572ABA597C00554EB0 /* Tela02ViewController.storyboard */,
				C44DBC552ABA596A00554EB0 /* Tela02ViewController.swift */,
			);
			path = Tela02;
			sourceTree = "<group>";
		};
		C44DBC592ABA5E9800554EB0 /* Resources */ = {
			isa = PBXGroup;
			children = (
				C44DBC3F2ABA58CC00554EB0 /* AppDelegate.swift */,
				C44DBC412ABA58CC00554EB0 /* SceneDelegate.swift */,
				C44DBC482ABA58CE00554EB0 /* Assets.xcassets */,
				C44DBC4A2ABA58CE00554EB0 /* LaunchScreen.storyboard */,
			);
			path = Resources;
			sourceTree = "<group>";
		};
/* End PBXGroup section */

/* Begin PBXNativeTarget section */
		C44DBC3B2ABA58CC00554EB0 /* TransicaoDeDados */ = {
			isa = PBXNativeTarget;
			buildConfigurationList = C44DBC502ABA58CE00554EB0 /* Build configuration list for PBXNativeTarget "TransicaoDeDados" */;
			buildPhases = (
				C44DBC382ABA58CC00554EB0 /* Sources */,
				C44DBC392ABA58CC00554EB0 /* Frameworks */,
				C44DBC3A2ABA58CC00554EB0 /* Resources */,
			);
			buildRules = (
			);
			dependencies = (
			);
			name = TransicaoDeDados;
			productName = TransicaoDeDados;
			productReference = C44DBC3C2ABA58CC00554EB0 /* TransicaoDeDados.app */;
			productType = "com.apple.product-type.application";
		};
/* End PBXNativeTarget section */

/* Begin PBXProject section */
		C44DBC342ABA58CC00554EB0 /* Project object */ = {
			isa = PBXProject;
			attributes = {
				BuildIndependentTargetsInParallel = 1;
				LastSwiftUpdateCheck = 1430;
				LastUpgradeCheck = 1430;
				TargetAttributes = {
					C44DBC3B2ABA58CC00554EB0 = {
						CreatedOnToolsVersion = 14.3.1;
					};
				};
			};
			buildConfigurationList = C44DBC372ABA58CC00554EB0 /* Build configuration list for PBXProject "TransicaoDeDados" */;
			compatibilityVersion = "Xcode 14.0";
			developmentRegion = en;
			hasScannedForEncodings = 0;
			knownRegions = (
				en,
				Base,
			);
			mainGroup = C44DBC332ABA58CC00554EB0;
			productRefGroup = C44DBC3D2ABA58CC00554EB0 /* Products */;
			projectDirPath = "";
			projectRoot = "";
			targets = (
				C44DBC3B2ABA58CC00554EB0 /* TransicaoDeDados */,
			);
		};
/* End PBXProject section */

/* Begin PBXResourcesBuildPhase section */
		C44DBC3A2ABA58CC00554EB0 /* Resources */ = {
			isa = PBXResourcesBuildPhase;
			buildActionMask = 2147483647;
			files = (
				C44DBC4C2ABA58CE00554EB0 /* LaunchScreen.storyboard in Resources */,
				C44DBC582ABA597C00554EB0 /* Tela02ViewController.storyboard in Resources */,
				C44DBC492ABA58CE00554EB0 /* Assets.xcassets in Resources */,
				C44DBC472ABA58CC00554EB0 /* Main.storyboard in Resources */,
			);
			runOnlyForDeploymentPostprocessing = 0;
		};
/* End PBXResourcesBuildPhase section */

/* Begin PBXSourcesBuildPhase section */
		C44DBC382ABA58CC00554EB0 /* Sources */ = {
			isa = PBXSourcesBuildPhase;
			buildActionMask = 2147483647;
			files = (
				C44DBC562ABA596A00554EB0 /* Tela02ViewController.swift in Sources */,
				C44DBC442ABA58CC00554EB0 /* Tela01ViewController.swift in Sources */,
				C44DBC402ABA58CC00554EB0 /* AppDelegate.swift in Sources */,
				C44DBC422ABA58CC00554EB0 /* SceneDelegate.swift in Sources */,
			);
			runOnlyForDeploymentPostprocessing = 0;
		};
/* End PBXSourcesBuildPhase section */

/* Begin PBXVariantGroup section */
		C44DBC452ABA58CC00554EB0 /* Main.storyboard */ = {
			isa = PBXVariantGroup;
			children = (
				C44DBC462ABA58CC00554EB0 /* Base */,
			);
			name = Main.storyboard;
			sourceTree = "<group>";
		};
		C44DBC4A2ABA58CE00554EB0 /* LaunchScreen.storyboard */ = {
			isa = PBXVariantGroup;
			children = (
				C44DBC4B2ABA58CE00554EB0 /* Base */,
			);
			name = LaunchScreen.storyboard;
			sourceTree = "<group>";
		};
/* End PBXVariantGroup section */

/* Begin XCBuildConfiguration section */
		C44DBC4E2ABA58CE00554EB0 /* Debug */ = {
			isa = XCBuildConfiguration;
			buildSettings = {
				ALWAYS_SEARCH_USER_PATHS = NO;
				CLANG_ANALYZER_NONNULL = YES;
				CLANG_ANALYZER_NUMBER_OBJECT_CONVERSION = YES_AGGRESSIVE;
				CLANG_CXX_LANGUAGE_STANDARD = "gnu++20";
				CLANG_ENABLE_MODULES = YES;
				CLANG_ENABLE_OBJC_ARC = YES;
				CLANG_ENABLE_OBJC_WEAK = YES;
				CLANG_WARN_BLOCK_CAPTURE_AUTORELEASING = YES;
				CLANG_WARN_BOOL_CONVERSION = YES;
				CLANG_WARN_COMMA = YES;
				CLANG_WARN_CONSTANT_CONVERSION = YES;
				CLANG_WARN_DEPRECATED_OBJC_IMPLEMENTATIONS = YES;
				CLANG_WARN_DIRECT_OBJC_ISA_USAGE = YES_ERROR;
				CLANG_WARN_DOCUMENTATION_COMMENTS = YES;
				CLANG_WARN_EMPTY_BODY = YES;
				CLANG_WARN_ENUM_CONVERSION = YES;
				CLANG_WARN_INFINITE_RECURSION = YES;
				CLANG_WARN_INT_CONVERSION = YES;
				CLANG_WARN_NON_LITERAL_NULL_CONVERSION = YES;
				CLANG_WARN_OBJC_IMPLICIT_RETAIN_SELF = YES;
				CLANG_WARN_OBJC_LITERAL_CONVERSION = YES;
				CLANG_WARN_OBJC_ROOT_CLASS = YES_ERROR;
				CLANG_WARN_QUOTED_INCLUDE_IN_FRAMEWORK_HEADER = YES;
				CLANG_WARN_RANGE_LOOP_ANALYSIS = YES;
				CLANG_WARN_STRICT_PROTOTYPES = YES;
				CLANG_WARN_SUSPICIOUS_MOVE = YES;
				CLANG_WARN_UNGUARDED_AVAILABILITY = YES_AGGRESSIVE;
				CLANG_WARN_UNREACHABLE_CODE = YES;
				CLANG_WARN__DUPLICATE_METHOD_MATCH = YES;
				COPY_PHASE_STRIP = NO;
				DEBUG_INFORMATION_FORMAT = dwarf;
				ENABLE_STRICT_OBJC_MSGSEND = YES;
				ENABLE_TESTABILITY = YES;
				GCC_C_LANGUAGE_STANDARD = gnu11;
				GCC_DYNAMIC_NO_PIC = NO;
				GCC_NO_COMMON_BLOCKS = YES;
				GCC_OPTIMIZATION_LEVEL = 0;
				GCC_PREPROCESSOR_DEFINITIONS = (
					"DEBUG=1",
					"$(inherited)",
				);
				GCC_WARN_64_TO_32_BIT_CONVERSION = YES;
				GCC_WARN_ABOUT_RETURN_TYPE = YES_ERROR;
				GCC_WARN_UNDECLARED_SELECTOR = YES;
				GCC_WARN_UNINITIALIZED_AUTOS = YES_AGGRESSIVE;
				GCC_WARN_UNUSED_FUNCTION = YES;
				GCC_WARN_UNUSED_VARIABLE = YES;
				IPHONEOS_DEPLOYMENT_TARGET = 16.4;
				MTL_ENABLE_DEBUG_INFO = INCLUDE_SOURCE;
				MTL_FAST_MATH = YES;
				ONLY_ACTIVE_ARCH = YES;
				SDKROOT = iphoneos;
				SWIFT_ACTIVE_COMPILATION_CONDITIONS = DEBUG;
				SWIFT_OPTIMIZATION_LEVEL = "-Onone";
			};
			name = Debug;
		};
		C44DBC4F2ABA58CE00554EB0 /* Release */ = {
			isa = XCBuildConfiguration;
			buildSettings = {
				ALWAYS_SEARCH_USER_PATHS = NO;
				CLANG_ANALYZER_NONNULL = YES;
				CLANG_ANALYZER_NUMBER_OBJECT_CONVERSION = YES_AGGRESSIVE;
				CLANG_CXX_LANGUAGE_STANDARD = "gnu++20";
				CLANG_ENABLE_MODULES = YES;
				CLANG_ENABLE_OBJC_ARC = YES;
				CLANG_ENABLE_OBJC_WEAK = YES;
				CLANG_WARN_BLOCK_CAPTURE_AUTORELEASING = YES;
				CLANG_WARN_BOOL_CONVERSION = YES;
				CLANG_WARN_COMMA = YES;
				CLANG_WARN_CONSTANT_CONVERSION = YES;
				CLANG_WARN_DEPRECATED_OBJC_IMPLEMENTATIONS = YES;
				CLANG_WARN_DIRECT_OBJC_ISA_USAGE = YES_ERROR;
				CLANG_WARN_DOCUMENTATION_COMMENTS = YES;
				CLANG_WARN_EMPTY_BODY = YES;
				CLANG_WARN_ENUM_CONVERSION = YES;
				CLANG_WARN_INFINITE_RECURSION = YES;
				CLANG_WARN_INT_CONVERSION = YES;
				CLANG_WARN_NON_LITERAL_NULL_CONVERSION = YES;
				CLANG_WARN_OBJC_IMPLICIT_RETAIN_SELF = YES;
				CLANG_WARN_OBJC_LITERAL_CONVERSION = YES;
				CLANG_WARN_OBJC_ROOT_CLASS = YES_ERROR;
				CLANG_WARN_QUOTED_INCLUDE_IN_FRAMEWORK_HEADER = YES;
				CLANG_WARN_RANGE_LOOP_ANALYSIS = YES;
				CLANG_WARN_STRICT_PROTOTYPES = YES;
				CLANG_WARN_SUSPICIOUS_MOVE = YES;
				CLANG_WARN_UNGUARDED_AVAILABILITY = YES_AGGRESSIVE;
				CLANG_WARN_UNREACHABLE_CODE = YES;
				CLANG_WARN__DUPLICATE_METHOD_MATCH = YES;
				COPY_PHASE_STRIP = NO;
				DEBUG_INFORMATION_FORMAT = "dwarf-with-dsym";
				ENABLE_NS_ASSERTIONS = NO;
				ENABLE_STRICT_OBJC_MSGSEND = YES;
				GCC_C_LANGUAGE_STANDARD = gnu11;
				GCC_NO_COMMON_BLOCKS = YES;
				GCC_WARN_64_TO_32_BIT_CONVERSION = YES;
				GCC_WARN_ABOUT_RETURN_TYPE = YES_ERROR;
				GCC_WARN_UNDECLARED_SELECTOR = YES;
				GCC_WARN_UNINITIALIZED_AUTOS = YES_AGGRESSIVE;
				GCC_WARN_UNUSED_FUNCTION = YES;
				GCC_WARN_UNUSED_VARIABLE = YES;
				IPHONEOS_DEPLOYMENT_TARGET = 16.4;
				MTL_ENABLE_DEBUG_INFO = NO;
				MTL_FAST_MATH = YES;
				SDKROOT = iphoneos;
				SWIFT_COMPILATION_MODE = wholemodule;
				SWIFT_OPTIMIZATION_LEVEL = "-O";
				VALIDATE_PRODUCT = YES;
			};
			name = Release;
		};
		C44DBC512ABA58CE00554EB0 /* Debug */ = {
			isa = XCBuildConfiguration;
			buildSettings = {
				ASSETCATALOG_COMPILER_APPICON_NAME = AppIcon;
				ASSETCATALOG_COMPILER_GLOBAL_ACCENT_COLOR_NAME = AccentColor;
				CODE_SIGN_STYLE = Automatic;
				CURRENT_PROJECT_VERSION = 1;
				GENERATE_INFOPLIST_FILE = YES;
				INFOPLIST_FILE = TransicaoDeDados/Info.plist;
				INFOPLIST_KEY_UIApplicationSupportsIndirectInputEvents = YES;
				INFOPLIST_KEY_UILaunchStoryboardName = LaunchScreen;
				INFOPLIST_KEY_UIMainStoryboardFile = Main;
				INFOPLIST_KEY_UISupportedInterfaceOrientations_iPad = "UIInterfaceOrientationPortrait UIInterfaceOrientationPortraitUpsideDown UIInterfaceOrientationLandscapeLeft UIInterfaceOrientationLandscapeRight";
				INFOPLIST_KEY_UISupportedInterfaceOrientations_iPhone = "UIInterfaceOrientationPortrait UIInterfaceOrientationLandscapeLeft UIInterfaceOrientationLandscapeRight";
				LD_RUNPATH_SEARCH_PATHS = (
					"$(inherited)",
					"@executable_path/Frameworks",
				);
				MARKETING_VERSION = 1.0;
				PRODUCT_BUNDLE_IDENTIFIER = GabrielMors.TransicaoDeDados;
				PRODUCT_NAME = "$(TARGET_NAME)";
				SWIFT_EMIT_LOC_STRINGS = YES;
				SWIFT_VERSION = 5.0;
				TARGETED_DEVICE_FAMILY = "1,2";
			};
			name = Debug;
		};
		C44DBC522ABA58CE00554EB0 /* Release */ = {
			isa = XCBuildConfiguration;
			buildSettings = {
				ASSETCATALOG_COMPILER_APPICON_NAME = AppIcon;
				ASSETCATALOG_COMPILER_GLOBAL_ACCENT_COLOR_NAME = AccentColor;
				CODE_SIGN_STYLE = Automatic;
				CURRENT_PROJECT_VERSION = 1;
				GENERATE_INFOPLIST_FILE = YES;
				INFOPLIST_FILE = TransicaoDeDados/Info.plist;
				INFOPLIST_KEY_UIApplicationSupportsIndirectInputEvents = YES;
				INFOPLIST_KEY_UILaunchStoryboardName = LaunchScreen;
				INFOPLIST_KEY_UIMainStoryboardFile = Main;
				INFOPLIST_KEY_UISupportedInterfaceOrientations_iPad = "UIInterfaceOrientationPortrait UIInterfaceOrientationPortraitUpsideDown UIInterfaceOrientationLandscapeLeft UIInterfaceOrientationLandscapeRight";
				INFOPLIST_KEY_UISupportedInterfaceOrientations_iPhone = "UIInterfaceOrientationPortrait UIInterfaceOrientationLandscapeLeft UIInterfaceOrientationLandscapeRight";
				LD_RUNPATH_SEARCH_PATHS = (
					"$(inherited)",
					"@executable_path/Frameworks",
				);
				MARKETING_VERSION = 1.0;
				PRODUCT_BUNDLE_IDENTIFIER = GabrielMors.TransicaoDeDados;
				PRODUCT_NAME = "$(TARGET_NAME)";
				SWIFT_EMIT_LOC_STRINGS = YES;
				SWIFT_VERSION = 5.0;
				TARGETED_DEVICE_FAMILY = "1,2";
			};
			name = Release;
		};
/* End XCBuildConfiguration section */

/* Begin XCConfigurationList section */
		C44DBC372ABA58CC00554EB0 /* Build configuration list for PBXProject "TransicaoDeDados" */ = {
			isa = XCConfigurationList;
			buildConfigurations = (
				C44DBC4E2ABA58CE00554EB0 /* Debug */,
				C44DBC4F2ABA58CE00554EB0 /* Release */,
			);
			defaultConfigurationIsVisible = 0;
			defaultConfigurationName = Release;
		};
		C44DBC502ABA58CE00554EB0 /* Build configuration list for PBXNativeTarget "TransicaoDeDados" */ = {
			isa = XCConfigurationList;
			buildConfigurations = (
				C44DBC512ABA58CE00554EB0 /* Debug */,
				C44DBC522ABA58CE00554EB0 /* Release */,
			);
			defaultConfigurationIsVisible = 0;
			defaultConfigurationName = Release;
		};
/* End XCConfigurationList section */
	};
	rootObject = C44DBC342ABA58CC00554EB0 /* Project object */;
}
