// !$*UTF8*$!
{
	archiveVersion = 1;
	classes = {
	};
	objectVersion = 56;
	objects = {

/* Begin PBXBuildFile section */
		347E4E082AB3BFE3009437D8 /* AppDelegate.swift in Sources */ = {isa = PBXBuildFile; fileRef = 347E4E072AB3BFE3009437D8 /* AppDelegate.swift */; };
		347E4E0A2AB3BFE3009437D8 /* SceneDelegate.swift in Sources */ = {isa = PBXBuildFile; fileRef = 347E4E092AB3BFE3009437D8 /* SceneDelegate.swift */; };
		347E4E0C2AB3BFE3009437D8 /* Tela01ViewController.swift in Sources */ = {isa = PBXBuildFile; fileRef = 347E4E0B2AB3BFE3009437D8 /* Tela01ViewController.swift */; };
		347E4E0F2AB3BFE3009437D8 /* Main.storyboard in Resources */ = {isa = PBXBuildFile; fileRef = 347E4E0D2AB3BFE3009437D8 /* Main.storyboard */; };
		347E4E112AB3BFE5009437D8 /* Assets.xcassets in Resources */ = {isa = PBXBuildFile; fileRef = 347E4E102AB3BFE5009437D8 /* Assets.xcassets */; };
		347E4E142AB3BFE5009437D8 /* LaunchScreen.storyboard in Resources */ = {isa = PBXBuildFile; fileRef = 347E4E122AB3BFE5009437D8 /* LaunchScreen.storyboard */; };
		347E4E3D2AB3C678009437D8 /* Tela02ViewController.swift in Sources */ = {isa = PBXBuildFile; fileRef = 347E4E3C2AB3C678009437D8 /* Tela02ViewController.swift */; };
		347E4E402AB3C78A009437D8 /* Tela03ViewController.swift in Sources */ = {isa = PBXBuildFile; fileRef = 347E4E3F2AB3C78A009437D8 /* Tela03ViewController.swift */; };
		347E4E422AB3C854009437D8 /* Tela02ViewController.storyboard in Resources */ = {isa = PBXBuildFile; fileRef = 347E4E412AB3C854009437D8 /* Tela02ViewController.storyboard */; };
		347E4E442AB3C96D009437D8 /* Tela03ViewController.storyboard in Resources */ = {isa = PBXBuildFile; fileRef = 347E4E432AB3C96D009437D8 /* Tela03ViewController.storyboard */; };
		347E4E472AB3CB60009437D8 /* Tela04ViewController.swift in Sources */ = {isa = PBXBuildFile; fileRef = 347E4E462AB3CB60009437D8 /* Tela04ViewController.swift */; };
		347E4E492AB3CBA4009437D8 /* Tela04ViewController.storyboard in Resources */ = {isa = PBXBuildFile; fileRef = 347E4E482AB3CBA4009437D8 /* Tela04ViewController.storyboard */; };
/* End PBXBuildFile section */

/* Begin PBXFileReference section */
		347E4E042AB3BFE3009437D8 /* NavegacaoTurma351BF.app */ = {isa = PBXFileReference; explicitFileType = wrapper.application; includeInIndex = 0; path = NavegacaoTurma351BF.app; sourceTree = BUILT_PRODUCTS_DIR; };
		347E4E072AB3BFE3009437D8 /* AppDelegate.swift */ = {isa = PBXFileReference; lastKnownFileType = sourcecode.swift; path = AppDelegate.swift; sourceTree = "<group>"; };
		347E4E092AB3BFE3009437D8 /* SceneDelegate.swift */ = {isa = PBXFileReference; lastKnownFileType = sourcecode.swift; path = SceneDelegate.swift; sourceTree = "<group>"; };
		347E4E0B2AB3BFE3009437D8 /* Tela01ViewController.swift */ = {isa = PBXFileReference; lastKnownFileType = sourcecode.swift; path = Tela01ViewController.swift; sourceTree = "<group>"; };
		347E4E0E2AB3BFE3009437D8 /* Base */ = {isa = PBXFileReference; lastKnownFileType = file.storyboard; name = Base; path = Base.lproj/Main.storyboard; sourceTree = "<group>"; };
		347E4E102AB3BFE5009437D8 /* Assets.xcassets */ = {isa = PBXFileReference; lastKnownFileType = folder.assetcatalog; path = Assets.xcassets; sourceTree = "<group>"; };
		347E4E132AB3BFE5009437D8 /* Base */ = {isa = PBXFileReference; lastKnownFileType = file.storyboard; name = Base; path = Base.lproj/LaunchScreen.storyboard; sourceTree = "<group>"; };
		347E4E152AB3BFE5009437D8 /* Info.plist */ = {isa = PBXFileReference; lastKnownFileType = text.plist.xml; path = Info.plist; sourceTree = "<group>"; };
		347E4E3C2AB3C678009437D8 /* Tela02ViewController.swift */ = {isa = PBXFileReference; lastKnownFileType = sourcecode.swift; path = Tela02ViewController.swift; sourceTree = "<group>"; };
		347E4E3F2AB3C78A009437D8 /* Tela03ViewController.swift */ = {isa = PBXFileReference; lastKnownFileType = sourcecode.swift; path = Tela03ViewController.swift; sourceTree = "<group>"; };
		347E4E412AB3C854009437D8 /* Tela02ViewController.storyboard */ = {isa = PBXFileReference; lastKnownFileType = file.storyboard; path = Tela02ViewController.storyboard; sourceTree = "<group>"; };
		347E4E432AB3C96D009437D8 /* Tela03ViewController.storyboard */ = {isa = PBXFileReference; lastKnownFileType = file.storyboard; path = Tela03ViewController.storyboard; sourceTree = "<group>"; };
		347E4E462AB3CB60009437D8 /* Tela04ViewController.swift */ = {isa = PBXFileReference; lastKnownFileType = sourcecode.swift; path = Tela04ViewController.swift; sourceTree = "<group>"; };
		347E4E482AB3CBA4009437D8 /* Tela04ViewController.storyboard */ = {isa = PBXFileReference; lastKnownFileType = file.storyboard; path = Tela04ViewController.storyboard; sourceTree = "<group>"; };
/* End PBXFileReference section */

/* Begin PBXFrameworksBuildPhase section */
		347E4E012AB3BFE3009437D8 /* Frameworks */ = {
			isa = PBXFrameworksBuildPhase;
			buildActionMask = 2147483647;
			files = (
			);
			runOnlyForDeploymentPostprocessing = 0;
		};
/* End PBXFrameworksBuildPhase section */

/* Begin PBXGroup section */
		347E4DFB2AB3BFE3009437D8 = {
			isa = PBXGroup;
			children = (
				347E4E062AB3BFE3009437D8 /* NavegacaoTurma351BF */,
				347E4E052AB3BFE3009437D8 /* Products */,
			);
			sourceTree = "<group>";
		};
		347E4E052AB3BFE3009437D8 /* Products */ = {
			isa = PBXGroup;
			children = (
				347E4E042AB3BFE3009437D8 /* NavegacaoTurma351BF.app */,
			);
			name = Products;
			sourceTree = "<group>";
		};
		347E4E062AB3BFE3009437D8 /* NavegacaoTurma351BF */ = {
			isa = PBXGroup;
			children = (
				347E4E452AB3CB49009437D8 /* Tela04 */,
				347E4E3E2AB3C6D1009437D8 /* Tela03 */,
				347E4E3B2AB3C62B009437D8 /* Tela02 */,
				347E4E4A2AB3CBDD009437D8 /* Tela01 */,
				347E4E072AB3BFE3009437D8 /* AppDelegate.swift */,
				347E4E092AB3BFE3009437D8 /* SceneDelegate.swift */,
				347E4E102AB3BFE5009437D8 /* Assets.xcassets */,
				347E4E122AB3BFE5009437D8 /* LaunchScreen.storyboard */,
				347E4E152AB3BFE5009437D8 /* Info.plist */,
			);
			path = NavegacaoTurma351BF;
			sourceTree = "<group>";
		};
		347E4E3B2AB3C62B009437D8 /* Tela02 */ = {
			isa = PBXGroup;
			children = (
				347E4E3C2AB3C678009437D8 /* Tela02ViewController.swift */,
				347E4E412AB3C854009437D8 /* Tela02ViewController.storyboard */,
			);
			path = Tela02;
			sourceTree = "<group>";
		};
		347E4E3E2AB3C6D1009437D8 /* Tela03 */ = {
			isa = PBXGroup;
			children = (
				347E4E3F2AB3C78A009437D8 /* Tela03ViewController.swift */,
				347E4E432AB3C96D009437D8 /* Tela03ViewController.storyboard */,
			);
			path = Tela03;
			sourceTree = "<group>";
		};
		347E4E452AB3CB49009437D8 /* Tela04 */ = {
			isa = PBXGroup;
			children = (
				347E4E462AB3CB60009437D8 /* Tela04ViewController.swift */,
				347E4E482AB3CBA4009437D8 /* Tela04ViewController.storyboard */,
			);
			path = Tela04;
			sourceTree = "<group>";
		};
		347E4E4A2AB3CBDD009437D8 /* Tela01 */ = {
			isa = PBXGroup;
			children = (
				347E4E0B2AB3BFE3009437D8 /* Tela01ViewController.swift */,
				347E4E0D2AB3BFE3009437D8 /* Main.storyboard */,
			);
			path = Tela01;
			sourceTree = "<group>";
		};
/* End PBXGroup section */

/* Begin PBXNativeTarget section */
		347E4E032AB3BFE3009437D8 /* NavegacaoTurma351BF */ = {
			isa = PBXNativeTarget;
			buildConfigurationList = 347E4E182AB3BFE5009437D8 /* Build configuration list for PBXNativeTarget "NavegacaoTurma351BF" */;
			buildPhases = (
				347E4E002AB3BFE3009437D8 /* Sources */,
				347E4E012AB3BFE3009437D8 /* Frameworks */,
				347E4E022AB3BFE3009437D8 /* Resources */,
			);
			buildRules = (
			);
			dependencies = (
			);
			name = NavegacaoTurma351BF;
			productName = NavegacaoTurma351BF;
			productReference = 347E4E042AB3BFE3009437D8 /* NavegacaoTurma351BF.app */;
			productType = "com.apple.product-type.application";
		};
/* End PBXNativeTarget section */

/* Begin PBXProject section */
		347E4DFC2AB3BFE3009437D8 /* Project object */ = {
			isa = PBXProject;
			attributes = {
				BuildIndependentTargetsInParallel = 1;
				LastSwiftUpdateCheck = 1430;
				LastUpgradeCheck = 1430;
				TargetAttributes = {
					347E4E032AB3BFE3009437D8 = {
						CreatedOnToolsVersion = 14.3.1;
					};
				};
			};
			buildConfigurationList = 347E4DFF2AB3BFE3009437D8 /* Build configuration list for PBXProject "NavegacaoTurma351BF" */;
			compatibilityVersion = "Xcode 14.0";
			developmentRegion = en;
			hasScannedForEncodings = 0;
			knownRegions = (
				en,
				Base,
			);
			mainGroup = 347E4DFB2AB3BFE3009437D8;
			productRefGroup = 347E4E052AB3BFE3009437D8 /* Products */;
			projectDirPath = "";
			projectRoot = "";
			targets = (
				347E4E032AB3BFE3009437D8 /* NavegacaoTurma351BF */,
			);
		};
/* End PBXProject section */

/* Begin PBXResourcesBuildPhase section */
		347E4E022AB3BFE3009437D8 /* Resources */ = {
			isa = PBXResourcesBuildPhase;
			buildActionMask = 2147483647;
			files = (
				347E4E142AB3BFE5009437D8 /* LaunchScreen.storyboard in Resources */,
				347E4E492AB3CBA4009437D8 /* Tela04ViewController.storyboard in Resources */,
				347E4E422AB3C854009437D8 /* Tela02ViewController.storyboard in Resources */,
				347E4E442AB3C96D009437D8 /* Tela03ViewController.storyboard in Resources */,
				347E4E112AB3BFE5009437D8 /* Assets.xcassets in Resources */,
				347E4E0F2AB3BFE3009437D8 /* Main.storyboard in Resources */,
			);
			runOnlyForDeploymentPostprocessing = 0;
		};
/* End PBXResourcesBuildPhase section */

/* Begin PBXSourcesBuildPhase section */
		347E4E002AB3BFE3009437D8 /* Sources */ = {
			isa = PBXSourcesBuildPhase;
			buildActionMask = 2147483647;
			files = (
				347E4E3D2AB3C678009437D8 /* Tela02ViewController.swift in Sources */,
				347E4E0C2AB3BFE3009437D8 /* Tela01ViewController.swift in Sources */,
				347E4E082AB3BFE3009437D8 /* AppDelegate.swift in Sources */,
				347E4E0A2AB3BFE3009437D8 /* SceneDelegate.swift in Sources */,
				347E4E472AB3CB60009437D8 /* Tela04ViewController.swift in Sources */,
				347E4E402AB3C78A009437D8 /* Tela03ViewController.swift in Sources */,
			);
			runOnlyForDeploymentPostprocessing = 0;
		};
/* End PBXSourcesBuildPhase section */

/* Begin PBXVariantGroup section */
		347E4E0D2AB3BFE3009437D8 /* Main.storyboard */ = {
			isa = PBXVariantGroup;
			children = (
				347E4E0E2AB3BFE3009437D8 /* Base */,
			);
			name = Main.storyboard;
			sourceTree = "<group>";
		};
		347E4E122AB3BFE5009437D8 /* LaunchScreen.storyboard */ = {
			isa = PBXVariantGroup;
			children = (
				347E4E132AB3BFE5009437D8 /* Base */,
			);
			name = LaunchScreen.storyboard;
			sourceTree = "<group>";
		};
/* End PBXVariantGroup section */

/* Begin XCBuildConfiguration section */
		347E4E162AB3BFE5009437D8 /* Debug */ = {
			isa = XCBuildConfiguration;
			buildSettings = {
				ALWAYS_SEARCH_USER_PATHS = NO;
				CLANG_ANALYZER_NONNULL = YES;
				CLANG_ANALYZER_NUMBER_OBJECT_CONVERSION = YES_AGGRESSIVE;
				CLANG_CXX_LANGUAGE_STANDARD = "gnu++20";
				CLANG_ENABLE_MODULES = YES;
				CLANG_ENABLE_OBJC_ARC = YES;
				CLANG_ENABLE_OBJC_WEAK = YES;
				CLANG_WARN_BLOCK_CAPTURE_AUTORELEASING = YES;
				CLANG_WARN_BOOL_CONVERSION = YES;
				CLANG_WARN_COMMA = YES;
				CLANG_WARN_CONSTANT_CONVERSION = YES;
				CLANG_WARN_DEPRECATED_OBJC_IMPLEMENTATIONS = YES;
				CLANG_WARN_DIRECT_OBJC_ISA_USAGE = YES_ERROR;
				CLANG_WARN_DOCUMENTATION_COMMENTS = YES;
				CLANG_WARN_EMPTY_BODY = YES;
				CLANG_WARN_ENUM_CONVERSION = YES;
				CLANG_WARN_INFINITE_RECURSION = YES;
				CLANG_WARN_INT_CONVERSION = YES;
				CLANG_WARN_NON_LITERAL_NULL_CONVERSION = YES;
				CLANG_WARN_OBJC_IMPLICIT_RETAIN_SELF = YES;
				CLANG_WARN_OBJC_LITERAL_CONVERSION = YES;
				CLANG_WARN_OBJC_ROOT_CLASS = YES_ERROR;
				CLANG_WARN_QUOTED_INCLUDE_IN_FRAMEWORK_HEADER = YES;
				CLANG_WARN_RANGE_LOOP_ANALYSIS = YES;
				CLANG_WARN_STRICT_PROTOTYPES = YES;
				CLANG_WARN_SUSPICIOUS_MOVE = YES;
				CLANG_WARN_UNGUARDED_AVAILABILITY = YES_AGGRESSIVE;
				CLANG_WARN_UNREACHABLE_CODE = YES;
				CLANG_WARN__DUPLICATE_METHOD_MATCH = YES;
				COPY_PHASE_STRIP = NO;
				DEBUG_INFORMATION_FORMAT = dwarf;
				ENABLE_STRICT_OBJC_MSGSEND = YES;
				ENABLE_TESTABILITY = YES;
				GCC_C_LANGUAGE_STANDARD = gnu11;
				GCC_DYNAMIC_NO_PIC = NO;
				GCC_NO_COMMON_BLOCKS = YES;
				GCC_OPTIMIZATION_LEVEL = 0;
				GCC_PREPROCESSOR_DEFINITIONS = (
					"DEBUG=1",
					"$(inherited)",
				);
				GCC_WARN_64_TO_32_BIT_CONVERSION = YES;
				GCC_WARN_ABOUT_RETURN_TYPE = YES_ERROR;
				GCC_WARN_UNDECLARED_SELECTOR = YES;
				GCC_WARN_UNINITIALIZED_AUTOS = YES_AGGRESSIVE;
				GCC_WARN_UNUSED_FUNCTION = YES;
				GCC_WARN_UNUSED_VARIABLE = YES;
				IPHONEOS_DEPLOYMENT_TARGET = 16.4;
				MTL_ENABLE_DEBUG_INFO = INCLUDE_SOURCE;
				MTL_FAST_MATH = YES;
				ONLY_ACTIVE_ARCH = YES;
				SDKROOT = iphoneos;
				SWIFT_ACTIVE_COMPILATION_CONDITIONS = DEBUG;
				SWIFT_OPTIMIZATION_LEVEL = "-Onone";
			};
			name = Debug;
		};
		347E4E172AB3BFE5009437D8 /* Release */ = {
			isa = XCBuildConfiguration;
			buildSettings = {
				ALWAYS_SEARCH_USER_PATHS = NO;
				CLANG_ANALYZER_NONNULL = YES;
				CLANG_ANALYZER_NUMBER_OBJECT_CONVERSION = YES_AGGRESSIVE;
				CLANG_CXX_LANGUAGE_STANDARD = "gnu++20";
				CLANG_ENABLE_MODULES = YES;
				CLANG_ENABLE_OBJC_ARC = YES;
				CLANG_ENABLE_OBJC_WEAK = YES;
				CLANG_WARN_BLOCK_CAPTURE_AUTORELEASING = YES;
				CLANG_WARN_BOOL_CONVERSION = YES;
				CLANG_WARN_COMMA = YES;
				CLANG_WARN_CONSTANT_CONVERSION = YES;
				CLANG_WARN_DEPRECATED_OBJC_IMPLEMENTATIONS = YES;
				CLANG_WARN_DIRECT_OBJC_ISA_USAGE = YES_ERROR;
				CLANG_WARN_DOCUMENTATION_COMMENTS = YES;
				CLANG_WARN_EMPTY_BODY = YES;
				CLANG_WARN_ENUM_CONVERSION = YES;
				CLANG_WARN_INFINITE_RECURSION = YES;
				CLANG_WARN_INT_CONVERSION = YES;
				CLANG_WARN_NON_LITERAL_NULL_CONVERSION = YES;
				CLANG_WARN_OBJC_IMPLICIT_RETAIN_SELF = YES;
				CLANG_WARN_OBJC_LITERAL_CONVERSION = YES;
				CLANG_WARN_OBJC_ROOT_CLASS = YES_ERROR;
				CLANG_WARN_QUOTED_INCLUDE_IN_FRAMEWORK_HEADER = YES;
				CLANG_WARN_RANGE_LOOP_ANALYSIS = YES;
				CLANG_WARN_STRICT_PROTOTYPES = YES;
				CLANG_WARN_SUSPICIOUS_MOVE = YES;
				CLANG_WARN_UNGUARDED_AVAILABILITY = YES_AGGRESSIVE;
				CLANG_WARN_UNREACHABLE_CODE = YES;
				CLANG_WARN__DUPLICATE_METHOD_MATCH = YES;
				COPY_PHASE_STRIP = NO;
				DEBUG_INFORMATION_FORMAT = "dwarf-with-dsym";
				ENABLE_NS_ASSERTIONS = NO;
				ENABLE_STRICT_OBJC_MSGSEND = YES;
				GCC_C_LANGUAGE_STANDARD = gnu11;
				GCC_NO_COMMON_BLOCKS = YES;
				GCC_WARN_64_TO_32_BIT_CONVERSION = YES;
				GCC_WARN_ABOUT_RETURN_TYPE = YES_ERROR;
				GCC_WARN_UNDECLARED_SELECTOR = YES;
				GCC_WARN_UNINITIALIZED_AUTOS = YES_AGGRESSIVE;
				GCC_WARN_UNUSED_FUNCTION = YES;
				GCC_WARN_UNUSED_VARIABLE = YES;
				IPHONEOS_DEPLOYMENT_TARGET = 16.4;
				MTL_ENABLE_DEBUG_INFO = NO;
				MTL_FAST_MATH = YES;
				SDKROOT = iphoneos;
				SWIFT_COMPILATION_MODE = wholemodule;
				SWIFT_OPTIMIZATION_LEVEL = "-O";
				VALIDATE_PRODUCT = YES;
			};
			name = Release;
		};
		347E4E192AB3BFE5009437D8 /* Debug */ = {
			isa = XCBuildConfiguration;
			buildSettings = {
				ASSETCATALOG_COMPILER_APPICON_NAME = AppIcon;
				ASSETCATALOG_COMPILER_GLOBAL_ACCENT_COLOR_NAME = AccentColor;
				CODE_SIGN_STYLE = Automatic;
				CURRENT_PROJECT_VERSION = 1;
				GENERATE_INFOPLIST_FILE = YES;
				INFOPLIST_FILE = NavegacaoTurma351BF/Info.plist;
				INFOPLIST_KEY_UIApplicationSupportsIndirectInputEvents = YES;
				INFOPLIST_KEY_UILaunchStoryboardName = LaunchScreen;
				INFOPLIST_KEY_UIMainStoryboardFile = Main;
				INFOPLIST_KEY_UISupportedInterfaceOrientations_iPad = "UIInterfaceOrientationPortrait UIInterfaceOrientationPortraitUpsideDown UIInterfaceOrientationLandscapeLeft UIInterfaceOrientationLandscapeRight";
				INFOPLIST_KEY_UISupportedInterfaceOrientations_iPhone = "UIInterfaceOrientationPortrait UIInterfaceOrientationLandscapeLeft UIInterfaceOrientationLandscapeRight";
				LD_RUNPATH_SEARCH_PATHS = (
					"$(inherited)",
					"@executable_path/Frameworks",
				);
				MARKETING_VERSION = 1.0;
				PRODUCT_BUNDLE_IDENTIFIER = backfront.NavegacaoTurma351BF;
				PRODUCT_NAME = "$(TARGET_NAME)";
				SWIFT_EMIT_LOC_STRINGS = YES;
				SWIFT_VERSION = 5.0;
				TARGETED_DEVICE_FAMILY = "1,2";
			};
			name = Debug;
		};
		347E4E1A2AB3BFE5009437D8 /* Release */ = {
			isa = XCBuildConfiguration;
			buildSettings = {
				ASSETCATALOG_COMPILER_APPICON_NAME = AppIcon;
				ASSETCATALOG_COMPILER_GLOBAL_ACCENT_COLOR_NAME = AccentColor;
				CODE_SIGN_STYLE = Automatic;
				CURRENT_PROJECT_VERSION = 1;
				GENERATE_INFOPLIST_FILE = YES;
				INFOPLIST_FILE = NavegacaoTurma351BF/Info.plist;
				INFOPLIST_KEY_UIApplicationSupportsIndirectInputEvents = YES;
				INFOPLIST_KEY_UILaunchStoryboardName = LaunchScreen;
				INFOPLIST_KEY_UIMainStoryboardFile = Main;
				INFOPLIST_KEY_UISupportedInterfaceOrientations_iPad = "UIInterfaceOrientationPortrait UIInterfaceOrientationPortraitUpsideDown UIInterfaceOrientationLandscapeLeft UIInterfaceOrientationLandscapeRight";
				INFOPLIST_KEY_UISupportedInterfaceOrientations_iPhone = "UIInterfaceOrientationPortrait UIInterfaceOrientationLandscapeLeft UIInterfaceOrientationLandscapeRight";
				LD_RUNPATH_SEARCH_PATHS = (
					"$(inherited)",
					"@executable_path/Frameworks",
				);
				MARKETING_VERSION = 1.0;
				PRODUCT_BUNDLE_IDENTIFIER = backfront.NavegacaoTurma351BF;
				PRODUCT_NAME = "$(TARGET_NAME)";
				SWIFT_EMIT_LOC_STRINGS = YES;
				SWIFT_VERSION = 5.0;
				TARGETED_DEVICE_FAMILY = "1,2";
			};
			name = Release;
		};
/* End XCBuildConfiguration section */

/* Begin XCConfigurationList section */
		347E4DFF2AB3BFE3009437D8 /* Build configuration list for PBXProject "NavegacaoTurma351BF" */ = {
			isa = XCConfigurationList;
			buildConfigurations = (
				347E4E162AB3BFE5009437D8 /* Debug */,
				347E4E172AB3BFE5009437D8 /* Release */,
			);
			defaultConfigurationIsVisible = 0;
			defaultConfigurationName = Release;
		};
		347E4E182AB3BFE5009437D8 /* Build configuration list for PBXNativeTarget "NavegacaoTurma351BF" */ = {
			isa = XCConfigurationList;
			buildConfigurations = (
				347E4E192AB3BFE5009437D8 /* Debug */,
				347E4E1A2AB3BFE5009437D8 /* Release */,
			);
			defaultConfigurationIsVisible = 0;
			defaultConfigurationName = Release;
		};
/* End XCConfigurationList section */
	};
	rootObject = 347E4DFC2AB3BFE3009437D8 /* Project object */;
}
